{
  "name": "@akashaproject/ui-widget-login-cta",
  "version": "0.1.0",
  "lockfileVersion": 1,
  "requires": true,
  "dependencies": {
    "@babel/runtime": {
      "version": "7.14.6",
      "resolved": "https://registry.npmjs.org/@babel/runtime/-/runtime-7.14.6.tgz",
      "integrity": "sha512-/PCB2uJ7oM44tz8YhC4Z/6PeOKXp4K588f+5M3clr1M4zbqztlo0XEfJ2LEzj/FgwfgGcIdl8n7YYjTCI0BYwg==",
      "requires": {
        "regenerator-runtime": "^0.13.4"
      }
    },
    "@types/hoist-non-react-statics": {
      "version": "3.3.1",
      "resolved": "https://registry.npmjs.org/@types/hoist-non-react-statics/-/hoist-non-react-statics-3.3.1.tgz",
      "integrity": "sha512-iMIqiko6ooLrTh1joXodJK5X9xeEALT1kM5G3ZLhD3hszxBdIEd5C75U834D9mLcINgD4OyZf5uQXjkuYydWvA==",
      "dev": true,
      "requires": {
        "@types/react": "*",
        "hoist-non-react-statics": "^3.3.0"
      }
    },
    "@types/prop-types": {
      "version": "15.7.4",
      "resolved": "https://registry.npmjs.org/@types/prop-types/-/prop-types-15.7.4.tgz",
      "integrity": "sha512-rZ5drC/jWjrArrS8BR6SIr4cWpW09RNTYt9AMZo3Jwwif+iacXAqgVjm0B0Bv/S1jhDXKHqRVNCbACkJ89RAnQ==",
      "dev": true
    },
    "@types/react": {
      "version": "17.0.14",
      "resolved": "https://registry.npmjs.org/@types/react/-/react-17.0.14.tgz",
      "integrity": "sha512-0WwKHUbWuQWOce61UexYuWTGuGY/8JvtUe/dtQ6lR4sZ3UiylHotJeWpf3ArP9+DSGUoLY3wbU59VyMrJps5VQ==",
      "dev": true,
      "requires": {
        "@types/prop-types": "*",
        "@types/scheduler": "*",
        "csstype": "^3.0.2"
      }
    },
    "@types/react-dom": {
      "version": "17.0.9",
      "resolved": "https://registry.npmjs.org/@types/react-dom/-/react-dom-17.0.9.tgz",
      "integrity": "sha512-wIvGxLfgpVDSAMH5utdL9Ngm5Owu0VsGmldro3ORLXV8CShrL8awVj06NuEXFQ5xyaYfdca7Sgbk/50Ri1GdPg==",
      "dev": true,
      "requires": {
        "@types/react": "*"
      }
    },
    "@types/scheduler": {
      "version": "0.16.2",
      "resolved": "https://registry.npmjs.org/@types/scheduler/-/scheduler-0.16.2.tgz",
      "integrity": "sha512-hppQEBDmlwhFAXKJX2KnWLYu5yMfi91yazPb2l+lbJiwW+wdo1gNeRA+3RgNSO39WYX2euey41KEwnqesU2Jew==",
      "dev": true
    },
    "@types/styled-components": {
      "version": "5.1.11",
      "resolved": "https://registry.npmjs.org/@types/styled-components/-/styled-components-5.1.11.tgz",
      "integrity": "sha512-u8g3bSw9KUiZY+S++gh+LlURGraqBe3MC5I5dygrNjGDHWWQfsmZZRTJ9K9oHU2CqWtxChWmJkDI/gp+TZPQMw==",
      "dev": true,
      "requires": {
        "@types/hoist-non-react-statics": "*",
        "@types/react": "*",
        "csstype": "^3.0.2"
      }
    },
    "csstype": {
      "version": "3.0.8",
      "resolved": "https://registry.npmjs.org/csstype/-/csstype-3.0.8.tgz",
      "integrity": "sha512-jXKhWqXPmlUeoQnF/EhTtTl4C9SnrxSH/jZUih3jmO6lBKr99rP3/+FmrMj4EFpOXzMtXHAZkd3x0E6h6Fgflw==",
      "dev": true
    },
    "hoist-non-react-statics": {
      "version": "3.3.2",
      "resolved": "https://registry.npmjs.org/hoist-non-react-statics/-/hoist-non-react-statics-3.3.2.tgz",
      "integrity": "sha512-/gGivxi8JPKWNm/W0jSmzcMPpfpPLc3dY/6GxhX2hQ9iGj3aDfklV4ET7NjKpSinLpJ5vafa9iiGIEZg10SfBw==",
      "dev": true,
      "requires": {
        "react-is": "^16.7.0"
      }
    },
    "html-parse-stringify": {
      "version": "3.0.1",
      "resolved": "https://registry.npmjs.org/html-parse-stringify/-/html-parse-stringify-3.0.1.tgz",
      "integrity": "sha512-KknJ50kTInJ7qIScF3jeaFRpMpE8/lfiTdzf/twXyPBLAGrLRTmkz3AdTnKeh40X8k9L2fdYwEp/42WGXIRGcg==",
      "requires": {
        "void-elements": "3.1.0"
      }
    },
    "i18next": {
      "version": "20.3.3",
      "resolved": "https://registry.npmjs.org/i18next/-/i18next-20.3.3.tgz",
      "integrity": "sha512-tx9EUhHeaipvZ5pFLTaN9Xdm5Ssal774MpujaTA1Wv/ST/1My5SnoBmliY1lOpyEP5Z51Dq1gXifk/y4Yt3agQ==",
      "requires": {
        "@babel/runtime": "^7.12.0"
      }
    },
    "i18next-browser-languagedetector": {
      "version": "6.1.2",
      "resolved": "https://registry.npmjs.org/i18next-browser-languagedetector/-/i18next-browser-languagedetector-6.1.2.tgz",
      "integrity": "sha512-YDzIGHhMRvr7M+c8B3EQUKyiMBhfqox4o1qkFvt4QXuu5V2cxf74+NCr+VEkUuU0y+RwcupA238eeolW1Yn80g==",
      "requires": {
        "@babel/runtime": "^7.14.6"
      }
    },
    "i18next-chained-backend": {
      "version": "3.0.2",
      "resolved": "https://registry.npmjs.org/i18next-chained-backend/-/i18next-chained-backend-3.0.2.tgz",
      "integrity": "sha512-0dd/7oVtPHJnCDMuDvjzlXmWxwfbLOGBFXd1+cgcZ54QlMwv6/ofQ9xhrBIhCFjNh97WQ5pytEeTdcAGwLQ/QA==",
      "requires": {
        "@babel/runtime": "^7.14.0"
      },
      "dependencies": {
        "@babel/runtime": {
          "version": "7.14.0",
          "resolved": "https://registry.npmjs.org/@babel/runtime/-/runtime-7.14.0.tgz",
          "integrity": "sha512-JELkvo/DlpNdJ7dlyw/eY7E0suy5i5GQH+Vlxaq1nsNJ+H7f4Vtv3jMeCEgRhZZQFXTjldYfQgv2qmM6M1v5wA==",
          "requires": {
            "regenerator-runtime": "^0.13.4"
          }
        }
      }
    },
    "i18next-fetch-backend": {
      "version": "3.0.0",
      "resolved": "https://registry.npmjs.org/i18next-fetch-backend/-/i18next-fetch-backend-3.0.0.tgz",
      "integrity": "sha512-UiK9dI81qzEtnhgpKcRPAo67ChYaUaIi1kfRfN+vuFEoP3SPttuIY1RJAnVh7qaYzS573cZtG/7KE+qq5Dn1YQ=="
    },
    "i18next-localstorage-backend": {
      "version": "3.1.3",
      "resolved": "https://registry.npmjs.org/i18next-localstorage-backend/-/i18next-localstorage-backend-3.1.3.tgz",
      "integrity": "sha512-tx8dxQTEsTnRC654IrXPFr94c3NH7bIVHGKHnGvbgefpLz13/uFT5ITsmhqhg/gOza0TIj8e5jTsGnQytIhh+A==",
      "requires": {
        "@babel/runtime": "^7.14.6"
      }
    },
    "react-i18next": {
      "version": "11.11.3",
      "resolved": "https://registry.npmjs.org/react-i18next/-/react-i18next-11.11.3.tgz",
      "integrity": "sha512-upzG5/SpyOlYP5oSF4K8TZBvDWVhnCo38JNV+KnWjrg0+IaJCBltyh6lRGZDO5ovLyA4dU6Ip0bwbUCjb6Yyxw==",
      "requires": {
        "@babel/runtime": "^7.14.5",
        "html-parse-stringify": "^3.0.1"
      }
    },
    "react-is": {
      "version": "16.13.1",
      "resolved": "https://registry.npmjs.org/react-is/-/react-is-16.13.1.tgz",
      "integrity": "sha512-24e6ynE2H+OKt4kqsOvNd8kBpV65zoxbA4BVsEOB3ARVWQki/DHzaUoC5KuON/BiccDaCCTZBuOcfZs70kR8bQ==",
      "dev": true
    },
    "regenerator-runtime": {
      "version": "0.13.5",
      "resolved": "https://registry.npmjs.org/regenerator-runtime/-/regenerator-runtime-0.13.5.tgz",
      "integrity": "sha512-ZS5w8CpKFinUzOwW3c83oPeVXoNsrLsaCoLtJvAClH135j/R77RuymhiSErhm2lKcwSCIpmvIWSbDkIfAqKQlA=="
    },
    "single-spa-react": {
      "version": "4.2.1",
      "resolved": "https://registry.npmjs.org/single-spa-react/-/single-spa-react-4.2.1.tgz",
      "integrity": "sha512-1L8aR6exu+u6xw1PzT+W/dpm35apt+1vSHpJ2rjLlzGXqQbKzJI6lFTcwuozi3bTSfXdT+go4PsS61RWhbIjmg=="
    },
    "void-elements": {
      "version": "3.1.0",
      "resolved": "https://registry.npmjs.org/void-elements/-/void-elements-3.1.0.tgz",
      "integrity": "sha1-YU9/v42AHwu18GYfWy9XhXUOTwk="
    }
  }
}
