{
	"name": "@akashaproject/ui-widget-login",
	"version": "0.1.0",
	"lockfileVersion": 1,
	"requires": true,
	"dependencies": {
		"@babel/runtime": {
			"version": "7.9.6",
			"resolved": "https://registry.npmjs.org/@babel/runtime/-/runtime-7.9.6.tgz",
			"integrity": "sha512-64AF1xY3OAkFHqOb9s4jpgk1Mm5vDZ4L3acHvAml+53nO1XbXLuDodsVpO4OIUsmemlUHMxNdYMNJmsvOwLrvQ==",
			"requires": {
				"regenerator-runtime": "^0.13.4"
			}
		},
		"@types/hoist-non-react-statics": {
			"version": "3.3.1",
			"resolved": "https://registry.npmjs.org/@types/hoist-non-react-statics/-/hoist-non-react-statics-3.3.1.tgz",
			"integrity": "sha512-iMIqiko6ooLrTh1joXodJK5X9xeEALT1kM5G3ZLhD3hszxBdIEd5C75U834D9mLcINgD4OyZf5uQXjkuYydWvA==",
			"dev": true,
			"requires": {
				"@types/react": "*",
				"hoist-non-react-statics": "^3.3.0"
			}
		},
		"@types/i18next": {
			"version": "13.0.0",
			"resolved": "https://registry.npmjs.org/@types/i18next/-/i18next-13.0.0.tgz",
			"integrity": "sha512-gp/SIShAuf4WOqi8ey0nuI7qfWaVpMNCcs/xLygrh/QTQIXmlDC1E0TtVejweNW+7SGDY7g0lyxyKZIJuCKIJw==",
			"requires": {
				"i18next": "*"
			}
		},
		"@types/prop-types": {
			"version": "15.7.3",
			"resolved": "https://registry.npmjs.org/@types/prop-types/-/prop-types-15.7.3.tgz",
			"integrity": "sha512-KfRL3PuHmqQLOG+2tGpRO26Ctg+Cq1E01D2DMriKEATHgWLfeNDmq9e29Q9WIky0dQ3NPkd1mzYH8Lm936Z9qw==",
			"dev": true
		},
		"@types/react": {
			"version": "16.9.19",
			"resolved": "https://registry.npmjs.org/@types/react/-/react-16.9.19.tgz",
			"integrity": "sha512-LJV97//H+zqKWMms0kvxaKYJDG05U2TtQB3chRLF8MPNs+MQh/H1aGlyDUxjaHvu08EAGerdX2z4LTBc7ns77A==",
			"dev": true,
			"requires": {
				"@types/prop-types": "*",
				"csstype": "^2.2.0"
			}
		},
		"@types/react-dom": {
			"version": "16.9.5",
			"resolved": "https://registry.npmjs.org/@types/react-dom/-/react-dom-16.9.5.tgz",
			"integrity": "sha512-BX6RQ8s9D+2/gDhxrj8OW+YD4R+8hj7FEM/OJHGNR0KipE1h1mSsf39YeyC81qafkq+N3rU3h3RFbLSwE5VqUg==",
			"dev": true,
			"requires": {
				"@types/react": "*"
			}
		},
		"@types/react-i18next": {
			"version": "8.1.0",
			"resolved": "https://registry.npmjs.org/@types/react-i18next/-/react-i18next-8.1.0.tgz",
			"integrity": "sha512-d4xhcjX5b3roNMObRNMfb1HinHQlQLPo8xlDj60dnHeeAw2bBymR2cy/l1giJpHzo/ZFgSvgVUvIWr4kCrenCg==",
			"requires": {
				"react-i18next": "*"
			}
		},
		"@types/react-native": {
			"version": "0.63.10",
			"resolved": "https://registry.npmjs.org/@types/react-native/-/react-native-0.63.10.tgz",
			"integrity": "sha512-9ZbfoWJFbxv7FVPTK7/Y8yRRViJ0bu62p3yKgeK3KqQmBKqQR14nvbIqBHkbBS1mtSWfGgBkPtxI2pmJni4VWQ==",
			"dev": true,
			"requires": {
				"@types/react": "*"
			}
		},
		"@types/single-spa-react": {
			"version": "2.8.3",
			"resolved": "https://registry.npmjs.org/@types/single-spa-react/-/single-spa-react-2.8.3.tgz",
			"integrity": "sha512-2F2xc0HUzuWAtsrJR3E3vy9dDDQObDv6YqBynPpIz85m5RY6+I4lr3pv93k0uv0nMK2NtHp/cspou4Pj0lEaaQ==",
			"dev": true,
			"requires": {
				"@types/react": "*",
				"@types/react-dom": "*"
			}
		},
		"@types/styled-components": {
			"version": "5.1.2",
			"resolved": "https://registry.npmjs.org/@types/styled-components/-/styled-components-5.1.2.tgz",
			"integrity": "sha512-HNocYLfrsnNNm8NTS/W53OERSjRA8dx5Bn6wBd2rXXwt4Z3s+oqvY6/PbVt3e6sgtzI63GX//WiWiRhWur08qQ==",
			"dev": true,
			"requires": {
				"@types/hoist-non-react-statics": "*",
				"@types/react": "*",
				"@types/react-native": "*",
				"csstype": "^3.0.2"
			},
			"dependencies": {
				"csstype": {
					"version": "3.0.3",
					"resolved": "https://registry.npmjs.org/csstype/-/csstype-3.0.3.tgz",
					"integrity": "sha512-jPl+wbWPOWJ7SXsWyqGRk3lGecbar0Cb0OvZF/r/ZU011R4YqiRehgkQ9p4eQfo9DSDLqLL3wHwfxeJiuIsNag==",
					"dev": true
				}
			}
		},
		"csstype": {
			"version": "2.6.10",
			"resolved": "https://registry.npmjs.org/csstype/-/csstype-2.6.10.tgz",
			"integrity": "sha512-D34BqZU4cIlMCY93rZHbrq9pjTAQJ3U8S8rfBqjwHxkGPThWFjzZDQpgMJY0QViLxth6ZKYiwFBo14RdN44U/w==",
			"dev": true
		},
		"debounce": {
			"version": "1.2.0",
			"resolved": "https://registry.npmjs.org/debounce/-/debounce-1.2.0.tgz",
			"integrity": "sha512-mYtLl1xfZLi1m4RtQYlZgJUNQjl4ZxVnHzIR8nLLgi4q1YT8o/WM+MK/f8yfcc9s5Ir5zRaPZyZU6xs1Syoocg=="
		},
		"easy-peasy": {
			"version": "3.3.0",
			"resolved": "https://registry.npmjs.org/easy-peasy/-/easy-peasy-3.3.0.tgz",
			"integrity": "sha512-wkTDAG+nRy+4g8Z3/k1vuTyrhxet19oY5MCmuRgOObm8dtZ2m+g5Mk/sdf3UWPuyx/sKIYH5Fy/HXab8iNKjTQ==",
			"requires": {
				"debounce": "^1.2.0",
				"immer-peasy": "3.1.3",
				"is-plain-object": "^3.0.0",
				"memoizerific": "^1.11.3",
				"prop-types": "^15.6.2",
				"redux": "^4.0.5",
				"redux-thunk": "^2.3.0",
				"symbol-observable": "^1.2.0",
				"ts-toolbelt": "^6.1.6"
			}
		},
		"hoist-non-react-statics": {
			"version": "3.3.2",
			"resolved": "https://registry.npmjs.org/hoist-non-react-statics/-/hoist-non-react-statics-3.3.2.tgz",
			"integrity": "sha512-/gGivxi8JPKWNm/W0jSmzcMPpfpPLc3dY/6GxhX2hQ9iGj3aDfklV4ET7NjKpSinLpJ5vafa9iiGIEZg10SfBw==",
			"dev": true,
			"requires": {
				"react-is": "^16.7.0"
			}
		},
		"html-parse-stringify2": {
			"version": "2.0.1",
			"resolved": "https://registry.npmjs.org/html-parse-stringify2/-/html-parse-stringify2-2.0.1.tgz",
			"integrity": "sha1-3FZwtyksoVi3vJFsmmc1rIhyg0o=",
			"requires": {
				"void-elements": "^2.0.1"
			}
		},
		"i18next": {
			"version": "19.4.4",
			"resolved": "https://registry.npmjs.org/i18next/-/i18next-19.4.4.tgz",
			"integrity": "sha512-ofaHtdsDdX3A5nYur1HWblB7J4hIcjr2ACdnwTAJgc8hTfPbyzZfGX0hVkKpI3vzDIgO6Uzc4v1ffW2W6gG6zw==",
			"requires": {
				"@babel/runtime": "^7.3.1"
			}
		},
		"immer-peasy": {
			"version": "3.1.3",
			"resolved": "https://registry.npmjs.org/immer-peasy/-/immer-peasy-3.1.3.tgz",
			"integrity": "sha512-WzoZ96A93jOmcDOLNChMWAqy+ZU8vEYQx2DcKjgo7P5SToiJs+GL+5yQbWzH8X02Lhvv6xrGgVNa1xbki66Eow=="
		},
		"is-plain-object": {
			"version": "3.0.0",
			"resolved": "https://registry.npmjs.org/is-plain-object/-/is-plain-object-3.0.0.tgz",
			"integrity": "sha512-tZIpofR+P05k8Aocp7UI/2UTa9lTJSebCXpFFoR9aibpokDj/uXBsJ8luUu0tTVYKkMU6URDUuOfJZ7koewXvg==",
			"requires": {
				"isobject": "^4.0.0"
			}
		},
		"isobject": {
			"version": "4.0.0",
			"resolved": "https://registry.npmjs.org/isobject/-/isobject-4.0.0.tgz",
			"integrity": "sha512-S/2fF5wH8SJA/kmwr6HYhK/RI/OkhD84k8ntalo0iJjZikgq1XFvR5M8NPT1x5F7fBwCG3qHfnzeP/Vh/ZxCUA=="
		},
		"js-tokens": {
			"version": "4.0.0",
			"resolved": "https://registry.npmjs.org/js-tokens/-/js-tokens-4.0.0.tgz",
			"integrity": "sha512-RdJUflcE3cUzKiMqQgsCu06FPu9UdIJO0beYbPhHN4k6apgJtifcoCtT9bcxOpYBtpD2kCM6Sbzg4CausW/PKQ=="
		},
		"loose-envify": {
			"version": "1.4.0",
			"resolved": "https://registry.npmjs.org/loose-envify/-/loose-envify-1.4.0.tgz",
			"integrity": "sha512-lyuxPGr/Wfhrlem2CL/UcnUc1zcqKAImBDzukY7Y5F/yQiNdko6+fRLevlw1HgMySw7f611UIY408EtxRSoK3Q==",
			"requires": {
				"js-tokens": "^3.0.0 || ^4.0.0"
			}
		},
		"map-or-similar": {
			"version": "1.5.0",
			"resolved": "https://registry.npmjs.org/map-or-similar/-/map-or-similar-1.5.0.tgz",
			"integrity": "sha1-beJlMXSt+12e3DPGnT6Sobdvrwg="
		},
		"memoizerific": {
			"version": "1.11.3",
			"resolved": "https://registry.npmjs.org/memoizerific/-/memoizerific-1.11.3.tgz",
			"integrity": "sha1-fIekZGREwy11Q4VwkF8tvRsagFo=",
			"requires": {
				"map-or-similar": "^1.5.0"
			}
		},
		"object-assign": {
			"version": "4.1.1",
			"resolved": "https://registry.npmjs.org/object-assign/-/object-assign-4.1.1.tgz",
			"integrity": "sha1-IQmtx5ZYh8/AXLvUQsrIv7s2CGM="
		},
		"prop-types": {
			"version": "15.7.2",
			"resolved": "https://registry.npmjs.org/prop-types/-/prop-types-15.7.2.tgz",
			"integrity": "sha512-8QQikdH7//R2vurIJSutZ1smHYTcLpRWEOlHnzcWHmBYrOGUysKwSsrC89BCiFj3CbrfJ/nXFdJepOVrY1GCHQ==",
			"requires": {
				"loose-envify": "^1.4.0",
				"object-assign": "^4.1.1",
				"react-is": "^16.8.1"
			}
		},
		"react-i18next": {
			"version": "11.4.0",
			"resolved": "https://registry.npmjs.org/react-i18next/-/react-i18next-11.4.0.tgz",
			"integrity": "sha512-lyOZSSQkif4H9HnHN3iEKVkryLI+WkdZSEw3VAZzinZLopfYRMHVY5YxCopdkXPLEHs6S5GjKYPh3+j0j336Fg==",
			"requires": {
				"@babel/runtime": "^7.3.1",
				"html-parse-stringify2": "2.0.1"
			}
		},
		"react-is": {
			"version": "16.13.1",
			"resolved": "https://registry.npmjs.org/react-is/-/react-is-16.13.1.tgz",
			"integrity": "sha512-24e6ynE2H+OKt4kqsOvNd8kBpV65zoxbA4BVsEOB3ARVWQki/DHzaUoC5KuON/BiccDaCCTZBuOcfZs70kR8bQ=="
		},
		"redux": {
			"version": "4.0.5",
			"resolved": "https://registry.npmjs.org/redux/-/redux-4.0.5.tgz",
			"integrity": "sha512-VSz1uMAH24DM6MF72vcojpYPtrTUu3ByVWfPL1nPfVRb5mZVTve5GnNCUV53QM/BZ66xfWrm0CTWoM+Xlz8V1w==",
			"requires": {
				"loose-envify": "^1.4.0",
				"symbol-observable": "^1.2.0"
			}
		},
		"redux-thunk": {
			"version": "2.3.0",
			"resolved": "https://registry.npmjs.org/redux-thunk/-/redux-thunk-2.3.0.tgz",
			"integrity": "sha512-km6dclyFnmcvxhAcrQV2AkZmPQjzPDjgVlQtR0EQjxZPyJ0BnMf3in1ryuR8A2qU0HldVRfxYXbFSKlI3N7Slw=="
		},
		"regenerator-runtime": {
			"version": "0.13.5",
			"resolved": "https://registry.npmjs.org/regenerator-runtime/-/regenerator-runtime-0.13.5.tgz",
			"integrity": "sha512-ZS5w8CpKFinUzOwW3c83oPeVXoNsrLsaCoLtJvAClH135j/R77RuymhiSErhm2lKcwSCIpmvIWSbDkIfAqKQlA=="
		},
		"single-spa-react": {
			"version": "2.14.0",
			"resolved": "https://registry.npmjs.org/single-spa-react/-/single-spa-react-2.14.0.tgz",
			"integrity": "sha512-KQ2/y7/JBIquK0WUiwb1/Y7f4qTZITNotw+JwNPesj0WKeCi91u0LOZe2ps56QMJbyB4UrA5IzMBwbYWDr1pIw=="
		},
		"symbol-observable": {
			"version": "1.2.0",
			"resolved": "https://registry.npmjs.org/symbol-observable/-/symbol-observable-1.2.0.tgz",
			"integrity": "sha512-e900nM8RRtGhlV36KGEU9k65K3mPb1WV70OdjfxlG2EAuM1noi/E/BaW/uMhL7bPEssK8QV57vN3esixjUvcXQ=="
		},
		"ts-toolbelt": {
			"version": "6.7.4",
			"resolved": "https://registry.npmjs.org/ts-toolbelt/-/ts-toolbelt-6.7.4.tgz",
			"integrity": "sha512-cP8q7BnIyuevMyBpq+TVKf3NvSS70S+BLdhzHVeV/5WNPMoUxN5YWMKgUd54qAwWgk6n2USHi/2XFIxZJa+30g=="
		},
		"void-elements": {
			"version": "2.0.1",
			"resolved": "https://registry.npmjs.org/void-elements/-/void-elements-2.0.1.tgz",
			"integrity": "sha1-wGavtYK7HLQSjWDqkjkulNXp2+w="
		}
	}
}
