{
	"name": "@akashaproject/sdk-ui-plugin-loader",
	"version": "0.1.0",
	"lockfileVersion": 1,
	"requires": true,
	"dependencies": {
		"@babel/runtime": {
			"version": "7.9.6",
			"resolved": "https://registry.npmjs.org/@babel/runtime/-/runtime-7.9.6.tgz",
			"integrity": "sha512-64AF1xY3OAkFHqOb9s4jpgk1Mm5vDZ4L3acHvAml+53nO1XbXLuDodsVpO4OIUsmemlUHMxNdYMNJmsvOwLrvQ==",
			"requires": {
				"regenerator-runtime": "^0.13.4"
			}
		},
		"atomic-sleep": {
			"version": "1.0.0",
			"resolved": "https://registry.npmjs.org/atomic-sleep/-/atomic-sleep-1.0.0.tgz",
			"integrity": "sha512-kNOjDqAh7px0XWNI+4QbzoiR/nTkHAWNud2uvnJquD1/x5a7EQZMJT0AczqK0Qn67oY/TTQ1LbUKajZpp3I9tQ=="
		},
		"fast-redact": {
			"version": "2.0.0",
			"resolved": "https://registry.npmjs.org/fast-redact/-/fast-redact-2.0.0.tgz",
			"integrity": "sha512-zxpkULI9W9MNTK2sJ3BpPQrTEXFNESd2X6O1tXMFpK/XM0G5c5Rll2EVYZH2TqI3xRGK/VaJ+eEOt7pnENJpeA=="
		},
		"fast-safe-stringify": {
			"version": "2.0.7",
			"resolved": "https://registry.npmjs.org/fast-safe-stringify/-/fast-safe-stringify-2.0.7.tgz",
			"integrity": "sha512-Utm6CdzT+6xsDk2m8S6uL8VHxNwI6Jub+e9NYTcAms28T84pTa25GJQV9j0CY0N1rM8hK4x6grpF2BQf+2qwVA=="
		},
		"flatstr": {
			"version": "1.0.12",
			"resolved": "https://registry.npmjs.org/flatstr/-/flatstr-1.0.12.tgz",
			"integrity": "sha512-4zPxDyhCyiN2wIAtSLI6gc82/EjqZc1onI4Mz/l0pWrAlsSfYH/2ZIcU+e3oA2wDwbzIWNKwa23F8rh6+DRWkw=="
		},
		"i18next": {
			"version": "19.4.4",
			"resolved": "https://registry.npmjs.org/i18next/-/i18next-19.4.4.tgz",
			"integrity": "sha512-ofaHtdsDdX3A5nYur1HWblB7J4hIcjr2ACdnwTAJgc8hTfPbyzZfGX0hVkKpI3vzDIgO6Uzc4v1ffW2W6gG6zw==",
			"requires": {
				"@babel/runtime": "^7.3.1"
			}
		},
		"i18next-browser-languagedetector": {
			"version": "4.1.1",
			"resolved": "https://registry.npmjs.org/i18next-browser-languagedetector/-/i18next-browser-languagedetector-4.1.1.tgz",
			"integrity": "sha512-akv0zurR/2KU7s1qaWkirY9FEEOT1TNsQaezEg8+1BLLQre7vylqb7tYoUgYqP/0/BEzXJgnoQnj+sh5xYFMhg==",
			"requires": {
				"@babel/runtime": "^7.5.5"
			}
		},
		"i18next-chained-backend": {
			"version": "2.0.1",
			"resolved": "https://registry.npmjs.org/i18next-chained-backend/-/i18next-chained-backend-2.0.1.tgz",
			"integrity": "sha512-IKLRCJ767tPWd3nKQMbcqbjd/tHcv+DjFIkaNd1yJSdnS6PME4lvCRYx+gl3gMMMbCL0r+l1bvRVBkTkRRXGVQ==",
			"requires": {
				"@babel/runtime": "^7.4.5"
			}
		},
		"i18next-fetch-backend": {
			"version": "2.3.1",
			"resolved": "https://registry.npmjs.org/i18next-fetch-backend/-/i18next-fetch-backend-2.3.1.tgz",
			"integrity": "sha512-cn0GFBbkkaXwaiXqfb3bpmhoBYvFR9bFBR5BeSNMP9KSmYE8M+q0QKwd68rcVDwasFxrurI97hYOY+5svGM51Q=="
		},
		"i18next-localstorage-backend": {
			"version": "3.1.1",
			"resolved": "https://registry.npmjs.org/i18next-localstorage-backend/-/i18next-localstorage-backend-3.1.1.tgz",
			"integrity": "sha512-/IRvORQni6sutcjnDT2ZBDns4/zXK1b4SIg0aF2sSjAqwTfoyt7PEg8HmRf0zS7fqPC1mDy6g4uNFWmvqRGbvQ==",
			"requires": {
				"@babel/runtime": "^7.4.5"
			}
		},
		"ismobilejs": {
			"version": "1.1.1",
			"resolved": "https://registry.npmjs.org/ismobilejs/-/ismobilejs-1.1.1.tgz",
			"integrity": "sha512-VaFW53yt8QO61k2WJui0dHf4SlL8lxBofUuUmwBo0ljPk0Drz2TiuDW4jo3wDcv41qy/SxrJ+VAzJ/qYqsmzRw=="
		},
		"pino": {
			"version": "6.2.1",
			"resolved": "https://registry.npmjs.org/pino/-/pino-6.2.1.tgz",
			"integrity": "sha512-5F5A+G25Ex2rMOBEe3XYGyLSF4dikQZsFvPojwsqnDBX+rfg7+kw9s5i7pHuVAJImekjwb+MR9jQyHWPLENlvQ==",
			"requires": {
				"fast-redact": "^2.0.0",
				"fast-safe-stringify": "^2.0.7",
				"flatstr": "^1.0.12",
				"pino-std-serializers": "^2.4.2",
				"quick-format-unescaped": "^4.0.1",
				"sonic-boom": "^1.0.0"
			}
		},
		"pino-std-serializers": {
			"version": "2.4.2",
			"resolved": "https://registry.npmjs.org/pino-std-serializers/-/pino-std-serializers-2.4.2.tgz",
			"integrity": "sha512-WaL504dO8eGs+vrK+j4BuQQq6GLKeCCcHaMB2ItygzVURcL1CycwNEUHTD/lHFHs/NL5qAz2UKrjYWXKSf4aMQ=="
		},
		"quick-format-unescaped": {
			"version": "4.0.1",
			"resolved": "https://registry.npmjs.org/quick-format-unescaped/-/quick-format-unescaped-4.0.1.tgz",
			"integrity": "sha512-RyYpQ6Q5/drsJyOhrWHYMWTedvjTIat+FTwv0K4yoUxzvekw2aRHMQJLlnvt8UantkZg2++bEzD9EdxXqkWf4A=="
		},
		"regenerator-runtime": {
			"version": "0.13.5",
			"resolved": "https://registry.npmjs.org/regenerator-runtime/-/regenerator-runtime-0.13.5.tgz",
			"integrity": "sha512-ZS5w8CpKFinUzOwW3c83oPeVXoNsrLsaCoLtJvAClH135j/R77RuymhiSErhm2lKcwSCIpmvIWSbDkIfAqKQlA=="
		},
		"single-spa": {
			"version": "5.3.4",
			"resolved": "https://registry.npmjs.org/single-spa/-/single-spa-5.3.4.tgz",
			"integrity": "sha512-J0I+OfKn04QdaOp3lC8UL2xmD/BA/V0OisbCFbrR5LDIdsbcP9QG6ZFRNqIQQP8C9XXUtlGnA3ZWPLQBKGcOrw=="
		},
		"sonic-boom": {
			"version": "1.0.1",
			"resolved": "https://registry.npmjs.org/sonic-boom/-/sonic-boom-1.0.1.tgz",
			"integrity": "sha512-o9tx+bonVEXSaPtptyXQXpP8l6UV9Bi3im2geZskvWw2a/o/hrbWI7EBbbv+rOx6Hubnzun9GgH4WfbgEA3MFQ==",
			"requires": {
				"atomic-sleep": "^1.0.0",
				"flatstr": "^1.0.12"
			}
		}
	}
}
