{
  "name": "@akashaproject/sdk-ui-plugin-loader",
  "version": "0.1.0",
  "lockfileVersion": 1,
  "requires": true,
  "dependencies": {
    "@babel/runtime": {
      "version": "7.9.6",
      "resolved": "https://registry.npmjs.org/@babel/runtime/-/runtime-7.9.6.tgz",
      "integrity": "sha512-64AF1xY3OAkFHqOb9s4jpgk1Mm5vDZ4L3acHvAml+53nO1XbXLuDodsVpO4OIUsmemlUHMxNdYMNJmsvOwLrvQ==",
      "requires": {
        "regenerator-runtime": "^0.13.4"
      }
    },
    "atomic-sleep": {
      "version": "1.0.0",
      "resolved": "https://registry.npmjs.org/atomic-sleep/-/atomic-sleep-1.0.0.tgz",
      "integrity": "sha512-kNOjDqAh7px0XWNI+4QbzoiR/nTkHAWNud2uvnJquD1/x5a7EQZMJT0AczqK0Qn67oY/TTQ1LbUKajZpp3I9tQ=="
    },
    "fast-redact": {
      "version": "3.0.0",
      "resolved": "https://registry.npmjs.org/fast-redact/-/fast-redact-3.0.0.tgz",
      "integrity": "sha512-a/S/Hp6aoIjx7EmugtzLqXmcNsyFszqbt6qQ99BdG61QjBZF6shNis0BYR6TsZOQ1twYc0FN2Xdhwwbv6+KD0w=="
    },
    "fast-safe-stringify": {
      "version": "2.0.7",
      "resolved": "https://registry.npmjs.org/fast-safe-stringify/-/fast-safe-stringify-2.0.7.tgz",
      "integrity": "sha512-Utm6CdzT+6xsDk2m8S6uL8VHxNwI6Jub+e9NYTcAms28T84pTa25GJQV9j0CY0N1rM8hK4x6grpF2BQf+2qwVA=="
    },
    "flatstr": {
      "version": "1.0.12",
      "resolved": "https://registry.npmjs.org/flatstr/-/flatstr-1.0.12.tgz",
      "integrity": "sha512-4zPxDyhCyiN2wIAtSLI6gc82/EjqZc1onI4Mz/l0pWrAlsSfYH/2ZIcU+e3oA2wDwbzIWNKwa23F8rh6+DRWkw=="
    },
    "i18next": {
      "version": "20.2.1",
      "resolved": "https://registry.npmjs.org/i18next/-/i18next-20.2.1.tgz",
      "integrity": "sha512-JLruWDEQ3T6tKT6P7u+DsNtToMHUwUcQIYOMRcnNBdUhSfKkoIDUKdVDKgGtmqr//LrirxjADUdr3d5Gwbow6g==",
      "requires": {
        "@babel/runtime": "^7.12.0"
      },
      "dependencies": {
        "@babel/runtime": {
          "version": "7.13.16",
          "resolved": "https://registry.npmjs.org/@babel/runtime/-/runtime-7.13.16.tgz",
          "integrity": "sha512-7VsWJsI5USRhBLE/3of+VU2DDNWtYHQlq2IHu2iL15+Yx4qVqP8KllR6JMHQlTKWRyDk9Tw6unkqSusaHXt//A==",
          "requires": {
            "regenerator-runtime": "^0.13.4"
          }
        }
      }
    },
    "i18next-browser-languagedetector": {
      "version": "6.1.0",
      "resolved": "https://registry.npmjs.org/i18next-browser-languagedetector/-/i18next-browser-languagedetector-6.1.0.tgz",
      "integrity": "sha512-NXbr/qPqkg6VyUwPrzmVOAafqIk1zdjzhYVxZWoSi338XEGmuOeroEglLdR8nJUJcf5BfOSHva80tqCPwXFTFQ==",
      "requires": {
        "@babel/runtime": "^7.5.5"
      }
    },
    "i18next-chained-backend": {
      "version": "2.1.0",
      "resolved": "https://registry.npmjs.org/i18next-chained-backend/-/i18next-chained-backend-2.1.0.tgz",
      "integrity": "sha512-Cr9+kA0mIGZJHLliSdRfoAlrRbKrqWV2+73NXoq6dToC6RhoAJS3fR0E/UdXFMpQJuNdVr2i8VeO6pt6kqyQAQ==",
      "requires": {
        "@babel/runtime": "^7.13.10"
      },
      "dependencies": {
        "@babel/runtime": {
          "version": "7.13.16",
          "resolved": "https://registry.npmjs.org/@babel/runtime/-/runtime-7.13.16.tgz",
          "integrity": "sha512-7VsWJsI5USRhBLE/3of+VU2DDNWtYHQlq2IHu2iL15+Yx4qVqP8KllR6JMHQlTKWRyDk9Tw6unkqSusaHXt//A==",
          "requires": {
            "regenerator-runtime": "^0.13.4"
          }
        }
      }
    },
    "i18next-fetch-backend": {
      "version": "3.0.0",
      "resolved": "https://registry.npmjs.org/i18next-fetch-backend/-/i18next-fetch-backend-3.0.0.tgz",
      "integrity": "sha512-UiK9dI81qzEtnhgpKcRPAo67ChYaUaIi1kfRfN+vuFEoP3SPttuIY1RJAnVh7qaYzS573cZtG/7KE+qq5Dn1YQ=="
    },
    "i18next-localstorage-backend": {
      "version": "3.1.2",
      "resolved": "https://registry.npmjs.org/i18next-localstorage-backend/-/i18next-localstorage-backend-3.1.2.tgz",
      "integrity": "sha512-J81qf9atTAc9iMdHUNKJeAWgUsFvqbxfHIIztmF62tOaINA2AJk0kewJjm8LQDuArkiuW9RhQPbhqbyeZut35g==",
      "requires": {
        "@babel/runtime": "^7.4.5"
      }
    },
    "ismobilejs": {
      "version": "1.1.1",
      "resolved": "https://registry.npmjs.org/ismobilejs/-/ismobilejs-1.1.1.tgz",
      "integrity": "sha512-VaFW53yt8QO61k2WJui0dHf4SlL8lxBofUuUmwBo0ljPk0Drz2TiuDW4jo3wDcv41qy/SxrJ+VAzJ/qYqsmzRw=="
    },
    "path-to-regexp": {
      "version": "6.2.0",
      "resolved": "https://registry.npmjs.org/path-to-regexp/-/path-to-regexp-6.2.0.tgz",
      "integrity": "sha512-f66KywYG6+43afgE/8j/GoiNyygk/bnoCbps++3ErRKsIYkGGupyv07R2Ok5m9i67Iqc+T2g1eAUGUPzWhYTyg==",
      "dev": true
    },
    "pino": {
      "version": "6.11.3",
      "resolved": "https://registry.npmjs.org/pino/-/pino-6.11.3.tgz",
      "integrity": "sha512-drPtqkkSf0ufx2gaea3TryFiBHdNIdXKf5LN0hTM82SXI4xVIve2wLwNg92e1MT6m3jASLu6VO7eGY6+mmGeyw==",
      "requires": {
        "fast-redact": "^3.0.0",
        "fast-safe-stringify": "^2.0.7",
        "flatstr": "^1.0.12",
        "pino-std-serializers": "^3.1.0",
        "quick-format-unescaped": "^4.0.3",
        "sonic-boom": "^1.0.2"
      }
    },
    "pino-std-serializers": {
      "version": "3.2.0",
      "resolved": "https://registry.npmjs.org/pino-std-serializers/-/pino-std-serializers-3.2.0.tgz",
      "integrity": "sha512-EqX4pwDPrt3MuOAAUBMU0Tk5kR/YcCM5fNPEzgCO2zJ5HfX0vbiH9HbJglnyeQsN96Kznae6MWD47pZB5avTrg=="
    },
    "quick-format-unescaped": {
      "version": "4.0.3",
      "resolved": "https://registry.npmjs.org/quick-format-unescaped/-/quick-format-unescaped-4.0.3.tgz",
      "integrity": "sha512-MaL/oqh02mhEo5m5J2rwsVL23Iw2PEaGVHgT2vFt8AAsr0lfvQA5dpXo9TPu0rz7tSBdUPgkbam0j/fj5ZM8yg=="
    },
    "regenerator-runtime": {
      "version": "0.13.5",
      "resolved": "https://registry.npmjs.org/regenerator-runtime/-/regenerator-runtime-0.13.5.tgz",
      "integrity": "sha512-ZS5w8CpKFinUzOwW3c83oPeVXoNsrLsaCoLtJvAClH135j/R77RuymhiSErhm2lKcwSCIpmvIWSbDkIfAqKQlA=="
    },
    "single-spa": {
      "version": "5.9.2",
      "resolved": "https://registry.npmjs.org/single-spa/-/single-spa-5.9.2.tgz",
      "integrity": "sha512-XYl0rWAuTsdz8juLVMk7jjFZPIpv0TVECUh3+SNzReFJ8OfjndnUNvCSF6e5jAd7/8CNnKItpPgIsAvKvDvpHw=="
    },
    "sonic-boom": {
      "version": "1.4.1",
      "resolved": "https://registry.npmjs.org/sonic-boom/-/sonic-boom-1.4.1.tgz",
      "integrity": "sha512-LRHh/A8tpW7ru89lrlkU4AszXt1dbwSjVWguGrmlxE7tawVmDBlI1PILMkXAxJTwqhgsEeTHzj36D5CmHgQmNg==",
      "requires": {
        "atomic-sleep": "^1.0.0",
        "flatstr": "^1.0.12"
      }
    }
  }
}
