{
	"name": "@akashaproject/ui-widget-layout",
	"version": "0.1.0",
	"lockfileVersion": 2,
	"requires": true,
	"packages": {
		"": {
			"name": "@akashaproject/ui-widget-layout",
			"version": "0.1.0",
			"license": "MIT",
			"dependencies": {
				"i18next": "20.6.1",
				"i18next-browser-languagedetector": "6.1.2",
				"i18next-chained-backend": "3.0.2",
				"i18next-fetch-backend": "3.0.0",
				"i18next-localstorage-backend": "3.1.3",
				"react-i18next": "11.12.0",
				"react-router-dom": "6.0.2",
				"single-spa-react": "4.4.0"
			},
			"devDependencies": {
				"@types/react": "17.0.20",
				"@types/react-dom": "17.0.9"
			},
			"engines": {
				"node": ">=8",
				"npm": ">=5"
			},
			"peerDependencies": {
				"react": "17.0.2",
				"react-dom": "17.0.2"
			}
		},
		"node_modules/@babel/runtime": {
			"version": "7.14.6",
			"resolved": "https://registry.npmjs.org/@babel/runtime/-/runtime-7.14.6.tgz",
			"integrity": "sha512-/PCB2uJ7oM44tz8YhC4Z/6PeOKXp4K588f+5M3clr1M4zbqztlo0XEfJ2LEzj/FgwfgGcIdl8n7YYjTCI0BYwg==",
			"dependencies": {
				"regenerator-runtime": "^0.13.4"
			},
			"engines": {
				"node": ">=6.9.0"
			}
		},
		"node_modules/@types/prop-types": {
			"version": "15.7.4",
			"resolved": "https://registry.npmjs.org/@types/prop-types/-/prop-types-15.7.4.tgz",
			"integrity": "sha512-rZ5drC/jWjrArrS8BR6SIr4cWpW09RNTYt9AMZo3Jwwif+iacXAqgVjm0B0Bv/S1jhDXKHqRVNCbACkJ89RAnQ=="
		},
		"node_modules/@types/react": {
			"version": "17.0.20",
			"resolved": "https://registry.npmjs.org/@types/react/-/react-17.0.20.tgz",
			"integrity": "sha512-wWZrPlihslrPpcKyCSlmIlruakxr57/buQN1RjlIeaaTWDLtJkTtRW429MoQJergvVKc4IWBpRhWw7YNh/7GVA==",
			"dependencies": {
				"@types/prop-types": "*",
				"@types/scheduler": "*",
				"csstype": "^3.0.2"
			}
		},
		"node_modules/@types/react-dom": {
			"version": "17.0.9",
			"resolved": "https://registry.npmjs.org/@types/react-dom/-/react-dom-17.0.9.tgz",
			"integrity": "sha512-wIvGxLfgpVDSAMH5utdL9Ngm5Owu0VsGmldro3ORLXV8CShrL8awVj06NuEXFQ5xyaYfdca7Sgbk/50Ri1GdPg==",
			"dependencies": {
				"@types/react": "*"
			}
		},
		"node_modules/@types/scheduler": {
			"version": "0.16.2",
			"resolved": "https://registry.npmjs.org/@types/scheduler/-/scheduler-0.16.2.tgz",
			"integrity": "sha512-hppQEBDmlwhFAXKJX2KnWLYu5yMfi91yazPb2l+lbJiwW+wdo1gNeRA+3RgNSO39WYX2euey41KEwnqesU2Jew=="
		},
		"node_modules/csstype": {
			"version": "3.0.9",
			"resolved": "https://registry.npmjs.org/csstype/-/csstype-3.0.9.tgz",
			"integrity": "sha512-rpw6JPxK6Rfg1zLOYCSwle2GFOOsnjmDYDaBwEcwoOg4qlsIVCN789VkBZDJAGi4T07gI4YSutR43t9Zz4Lzuw=="
		},
		"node_modules/history": {
			"version": "5.1.0",
			"resolved": "https://registry.npmjs.org/history/-/history-5.1.0.tgz",
			"integrity": "sha512-zPuQgPacm2vH2xdORvGGz1wQMuHSIB56yNAy5FnLuwOwgSYyPKptJtcMm6Ev+hRGeS+GzhbmRacHzvlESbFwDg==",
			"dependencies": {
				"@babel/runtime": "^7.7.6"
			}
		},
		"node_modules/html-parse-stringify": {
			"version": "3.0.1",
			"resolved": "https://registry.npmjs.org/html-parse-stringify/-/html-parse-stringify-3.0.1.tgz",
			"integrity": "sha512-KknJ50kTInJ7qIScF3jeaFRpMpE8/lfiTdzf/twXyPBLAGrLRTmkz3AdTnKeh40X8k9L2fdYwEp/42WGXIRGcg==",
			"dependencies": {
				"void-elements": "3.1.0"
			}
		},
		"node_modules/i18next": {
			"version": "20.6.1",
			"resolved": "https://registry.npmjs.org/i18next/-/i18next-20.6.1.tgz",
			"integrity": "sha512-yCMYTMEJ9ihCwEQQ3phLo7I/Pwycf8uAx+sRHwwk5U9Aui/IZYgQRyMqXafQOw5QQ7DM1Z+WyEXWIqSuJHhG2A==",
			"dependencies": {
				"@babel/runtime": "^7.12.0"
			}
		},
		"node_modules/i18next-browser-languagedetector": {
			"version": "6.1.2",
			"resolved": "https://registry.npmjs.org/i18next-browser-languagedetector/-/i18next-browser-languagedetector-6.1.2.tgz",
			"integrity": "sha512-YDzIGHhMRvr7M+c8B3EQUKyiMBhfqox4o1qkFvt4QXuu5V2cxf74+NCr+VEkUuU0y+RwcupA238eeolW1Yn80g==",
			"dependencies": {
				"@babel/runtime": "^7.14.6"
			}
		},
		"node_modules/i18next-chained-backend": {
			"version": "3.0.2",
			"resolved": "https://registry.npmjs.org/i18next-chained-backend/-/i18next-chained-backend-3.0.2.tgz",
			"integrity": "sha512-0dd/7oVtPHJnCDMuDvjzlXmWxwfbLOGBFXd1+cgcZ54QlMwv6/ofQ9xhrBIhCFjNh97WQ5pytEeTdcAGwLQ/QA==",
			"dependencies": {
				"@babel/runtime": "^7.14.0"
			}
		},
		"node_modules/i18next-chained-backend/node_modules/@babel/runtime": {
			"version": "7.14.0",
			"resolved": "https://registry.npmjs.org/@babel/runtime/-/runtime-7.14.0.tgz",
			"integrity": "sha512-JELkvo/DlpNdJ7dlyw/eY7E0suy5i5GQH+Vlxaq1nsNJ+H7f4Vtv3jMeCEgRhZZQFXTjldYfQgv2qmM6M1v5wA==",
			"dependencies": {
				"regenerator-runtime": "^0.13.4"
			}
		},
		"node_modules/i18next-fetch-backend": {
			"version": "3.0.0",
			"resolved": "https://registry.npmjs.org/i18next-fetch-backend/-/i18next-fetch-backend-3.0.0.tgz",
			"integrity": "sha512-UiK9dI81qzEtnhgpKcRPAo67ChYaUaIi1kfRfN+vuFEoP3SPttuIY1RJAnVh7qaYzS573cZtG/7KE+qq5Dn1YQ=="
		},
		"node_modules/i18next-localstorage-backend": {
			"version": "3.1.3",
			"resolved": "https://registry.npmjs.org/i18next-localstorage-backend/-/i18next-localstorage-backend-3.1.3.tgz",
			"integrity": "sha512-tx8dxQTEsTnRC654IrXPFr94c3NH7bIVHGKHnGvbgefpLz13/uFT5ITsmhqhg/gOza0TIj8e5jTsGnQytIhh+A==",
			"dependencies": {
				"@babel/runtime": "^7.14.6"
			}
		},
		"node_modules/js-tokens": {
			"version": "4.0.0",
			"resolved": "https://registry.npmjs.org/js-tokens/-/js-tokens-4.0.0.tgz",
			"integrity": "sha512-RdJUflcE3cUzKiMqQgsCu06FPu9UdIJO0beYbPhHN4k6apgJtifcoCtT9bcxOpYBtpD2kCM6Sbzg4CausW/PKQ==",
			"peer": true
		},
		"node_modules/loose-envify": {
			"version": "1.4.0",
			"resolved": "https://registry.npmjs.org/loose-envify/-/loose-envify-1.4.0.tgz",
			"integrity": "sha512-lyuxPGr/Wfhrlem2CL/UcnUc1zcqKAImBDzukY7Y5F/yQiNdko6+fRLevlw1HgMySw7f611UIY408EtxRSoK3Q==",
			"peer": true,
			"dependencies": {
				"js-tokens": "^3.0.0 || ^4.0.0"
			},
			"bin": {
				"loose-envify": "cli.js"
			}
		},
		"node_modules/object-assign": {
			"version": "4.1.1",
			"resolved": "https://registry.npmjs.org/object-assign/-/object-assign-4.1.1.tgz",
			"integrity": "sha1-IQmtx5ZYh8/AXLvUQsrIv7s2CGM=",
			"peer": true,
			"engines": {
				"node": ">=0.10.0"
			}
		},
		"node_modules/react": {
			"version": "17.0.2",
			"resolved": "https://registry.npmjs.org/react/-/react-17.0.2.tgz",
			"integrity": "sha512-gnhPt75i/dq/z3/6q/0asP78D0u592D5L1pd7M8P+dck6Fu/jJeL6iVVK23fptSUZj8Vjf++7wXA8UNclGQcbA==",
			"peer": true,
			"dependencies": {
				"loose-envify": "^1.1.0",
				"object-assign": "^4.1.1"
			},
			"engines": {
				"node": ">=0.10.0"
			}
		},
		"node_modules/react-dom": {
			"version": "17.0.2",
			"resolved": "https://registry.npmjs.org/react-dom/-/react-dom-17.0.2.tgz",
			"integrity": "sha512-s4h96KtLDUQlsENhMn1ar8t2bEa+q/YAtj8pPPdIjPDGBDIVNsrD9aXNWqspUe6AzKCIG0C1HZZLqLV7qpOBGA==",
			"peer": true,
			"dependencies": {
				"loose-envify": "^1.1.0",
				"object-assign": "^4.1.1",
				"scheduler": "^0.20.2"
			},
			"peerDependencies": {
				"react": "17.0.2"
			}
		},
		"node_modules/react-i18next": {
			"version": "11.12.0",
			"resolved": "https://registry.npmjs.org/react-i18next/-/react-i18next-11.12.0.tgz",
			"integrity": "sha512-M9BT+hqVG03ywrl+L7CK74ugK+4jIo7AeKJ17+g9BoqJz2+/aVbs8SIVXT4KMQ1rjIdcw+GcSRDy1CXjcz6tLQ==",
			"dependencies": {
				"@babel/runtime": "^7.14.5",
				"html-parse-stringify": "^3.0.1"
			},
			"peerDependencies": {
				"i18next": ">= 19.0.0",
				"react": ">= 16.8.0"
			}
		},
		"node_modules/react-router": {
			"version": "6.0.2",
			"resolved": "https://registry.npmjs.org/react-router/-/react-router-6.0.2.tgz",
			"integrity": "sha512-8/Wm3Ed8t7TuedXjAvV39+c8j0vwrI5qVsYqjFr5WkJjsJpEvNSoLRUbtqSEYzqaTUj1IV+sbPJxvO+accvU0Q==",
			"dependencies": {
				"history": "^5.1.0"
			},
			"peerDependencies": {
				"react": ">=16.8"
			}
		},
		"node_modules/react-router-dom": {
			"version": "6.0.2",
			"resolved": "https://registry.npmjs.org/react-router-dom/-/react-router-dom-6.0.2.tgz",
			"integrity": "sha512-cOpJ4B6raFutr0EG8O/M2fEoyQmwvZWomf1c6W2YXBZuFBx8oTk/zqjXghwScyhfrtnt0lANXV2182NQblRxFA==",
			"dependencies": {
				"history": "^5.1.0",
				"react-router": "6.0.2"
			},
			"peerDependencies": {
				"react": ">=16.8",
				"react-dom": ">=16.8"
			}
		},
		"node_modules/regenerator-runtime": {
			"version": "0.13.5",
			"resolved": "https://registry.npmjs.org/regenerator-runtime/-/regenerator-runtime-0.13.5.tgz",
			"integrity": "sha512-ZS5w8CpKFinUzOwW3c83oPeVXoNsrLsaCoLtJvAClH135j/R77RuymhiSErhm2lKcwSCIpmvIWSbDkIfAqKQlA=="
		},
		"node_modules/scheduler": {
			"version": "0.20.2",
			"resolved": "https://registry.npmjs.org/scheduler/-/scheduler-0.20.2.tgz",
			"integrity": "sha512-2eWfGgAqqWFGqtdMmcL5zCMK1U8KlXv8SQFGglL3CEtd0aDVDWgeF/YoCmvln55m5zSk3J/20hTaSBeSObsQDQ==",
			"peer": true,
			"dependencies": {
				"loose-envify": "^1.1.0",
				"object-assign": "^4.1.1"
			}
		},
		"node_modules/single-spa-react": {
			"version": "4.4.0",
			"resolved": "https://registry.npmjs.org/single-spa-react/-/single-spa-react-4.4.0.tgz",
			"integrity": "sha512-tyvVayCqCWKL7dtv52f2Uzh7Iilu7+GB6upO/F1UMZcqa1+fUziIgkcofwwRE+HMZWCEl1KJW48VgrlK2HvMnQ==",
			"peerDependencies": {
				"@types/react": "*",
				"@types/react-dom": "*",
				"react": "*"
			}
		},
		"node_modules/void-elements": {
			"version": "3.1.0",
			"resolved": "https://registry.npmjs.org/void-elements/-/void-elements-3.1.0.tgz",
			"integrity": "sha1-YU9/v42AHwu18GYfWy9XhXUOTwk=",
			"engines": {
				"node": ">=0.10.0"
			}
		}
	},
	"dependencies": {
		"@babel/runtime": {
			"version": "7.14.6",
			"resolved": "https://registry.npmjs.org/@babel/runtime/-/runtime-7.14.6.tgz",
			"integrity": "sha512-/PCB2uJ7oM44tz8YhC4Z/6PeOKXp4K588f+5M3clr1M4zbqztlo0XEfJ2LEzj/FgwfgGcIdl8n7YYjTCI0BYwg==",
			"requires": {
				"regenerator-runtime": "^0.13.4"
			}
		},
		"@types/prop-types": {
			"version": "15.7.4",
			"resolved": "https://registry.npmjs.org/@types/prop-types/-/prop-types-15.7.4.tgz",
			"integrity": "sha512-rZ5drC/jWjrArrS8BR6SIr4cWpW09RNTYt9AMZo3Jwwif+iacXAqgVjm0B0Bv/S1jhDXKHqRVNCbACkJ89RAnQ=="
		},
		"@types/react": {
			"version": "17.0.20",
			"resolved": "https://registry.npmjs.org/@types/react/-/react-17.0.20.tgz",
			"integrity": "sha512-wWZrPlihslrPpcKyCSlmIlruakxr57/buQN1RjlIeaaTWDLtJkTtRW429MoQJergvVKc4IWBpRhWw7YNh/7GVA==",
			"requires": {
				"@types/prop-types": "*",
				"@types/scheduler": "*",
				"csstype": "^3.0.2"
			}
		},
		"@types/react-dom": {
			"version": "17.0.9",
			"resolved": "https://registry.npmjs.org/@types/react-dom/-/react-dom-17.0.9.tgz",
			"integrity": "sha512-wIvGxLfgpVDSAMH5utdL9Ngm5Owu0VsGmldro3ORLXV8CShrL8awVj06NuEXFQ5xyaYfdca7Sgbk/50Ri1GdPg==",
			"requires": {
				"@types/react": "*"
			}
		},
		"@types/scheduler": {
			"version": "0.16.2",
			"resolved": "https://registry.npmjs.org/@types/scheduler/-/scheduler-0.16.2.tgz",
			"integrity": "sha512-hppQEBDmlwhFAXKJX2KnWLYu5yMfi91yazPb2l+lbJiwW+wdo1gNeRA+3RgNSO39WYX2euey41KEwnqesU2Jew=="
		},
		"csstype": {
			"version": "3.0.9",
			"resolved": "https://registry.npmjs.org/csstype/-/csstype-3.0.9.tgz",
			"integrity": "sha512-rpw6JPxK6Rfg1zLOYCSwle2GFOOsnjmDYDaBwEcwoOg4qlsIVCN789VkBZDJAGi4T07gI4YSutR43t9Zz4Lzuw=="
		},
		"history": {
			"version": "5.1.0",
			"resolved": "https://registry.npmjs.org/history/-/history-5.1.0.tgz",
			"integrity": "sha512-zPuQgPacm2vH2xdORvGGz1wQMuHSIB56yNAy5FnLuwOwgSYyPKptJtcMm6Ev+hRGeS+GzhbmRacHzvlESbFwDg==",
			"requires": {
				"@babel/runtime": "^7.7.6"
			}
		},
		"html-parse-stringify": {
			"version": "3.0.1",
			"resolved": "https://registry.npmjs.org/html-parse-stringify/-/html-parse-stringify-3.0.1.tgz",
			"integrity": "sha512-KknJ50kTInJ7qIScF3jeaFRpMpE8/lfiTdzf/twXyPBLAGrLRTmkz3AdTnKeh40X8k9L2fdYwEp/42WGXIRGcg==",
			"requires": {
				"void-elements": "3.1.0"
			}
		},
		"i18next": {
			"version": "20.6.1",
			"resolved": "https://registry.npmjs.org/i18next/-/i18next-20.6.1.tgz",
			"integrity": "sha512-yCMYTMEJ9ihCwEQQ3phLo7I/Pwycf8uAx+sRHwwk5U9Aui/IZYgQRyMqXafQOw5QQ7DM1Z+WyEXWIqSuJHhG2A==",
			"requires": {
				"@babel/runtime": "^7.12.0"
			}
		},
		"i18next-browser-languagedetector": {
			"version": "6.1.2",
			"resolved": "https://registry.npmjs.org/i18next-browser-languagedetector/-/i18next-browser-languagedetector-6.1.2.tgz",
			"integrity": "sha512-YDzIGHhMRvr7M+c8B3EQUKyiMBhfqox4o1qkFvt4QXuu5V2cxf74+NCr+VEkUuU0y+RwcupA238eeolW1Yn80g==",
			"requires": {
				"@babel/runtime": "^7.14.6"
			}
		},
		"i18next-chained-backend": {
			"version": "3.0.2",
			"resolved": "https://registry.npmjs.org/i18next-chained-backend/-/i18next-chained-backend-3.0.2.tgz",
			"integrity": "sha512-0dd/7oVtPHJnCDMuDvjzlXmWxwfbLOGBFXd1+cgcZ54QlMwv6/ofQ9xhrBIhCFjNh97WQ5pytEeTdcAGwLQ/QA==",
			"requires": {
				"@babel/runtime": "^7.14.0"
			},
			"dependencies": {
				"@babel/runtime": {
					"version": "7.14.0",
					"resolved": "https://registry.npmjs.org/@babel/runtime/-/runtime-7.14.0.tgz",
					"integrity": "sha512-JELkvo/DlpNdJ7dlyw/eY7E0suy5i5GQH+Vlxaq1nsNJ+H7f4Vtv3jMeCEgRhZZQFXTjldYfQgv2qmM6M1v5wA==",
					"requires": {
						"regenerator-runtime": "^0.13.4"
					}
				}
			}
		},
		"i18next-fetch-backend": {
			"version": "3.0.0",
			"resolved": "https://registry.npmjs.org/i18next-fetch-backend/-/i18next-fetch-backend-3.0.0.tgz",
			"integrity": "sha512-UiK9dI81qzEtnhgpKcRPAo67ChYaUaIi1kfRfN+vuFEoP3SPttuIY1RJAnVh7qaYzS573cZtG/7KE+qq5Dn1YQ=="
		},
		"i18next-localstorage-backend": {
			"version": "3.1.3",
			"resolved": "https://registry.npmjs.org/i18next-localstorage-backend/-/i18next-localstorage-backend-3.1.3.tgz",
			"integrity": "sha512-tx8dxQTEsTnRC654IrXPFr94c3NH7bIVHGKHnGvbgefpLz13/uFT5ITsmhqhg/gOza0TIj8e5jTsGnQytIhh+A==",
			"requires": {
				"@babel/runtime": "^7.14.6"
			}
		},
		"js-tokens": {
			"version": "4.0.0",
			"resolved": "https://registry.npmjs.org/js-tokens/-/js-tokens-4.0.0.tgz",
			"integrity": "sha512-RdJUflcE3cUzKiMqQgsCu06FPu9UdIJO0beYbPhHN4k6apgJtifcoCtT9bcxOpYBtpD2kCM6Sbzg4CausW/PKQ==",
			"peer": true
		},
		"loose-envify": {
			"version": "1.4.0",
			"resolved": "https://registry.npmjs.org/loose-envify/-/loose-envify-1.4.0.tgz",
			"integrity": "sha512-lyuxPGr/Wfhrlem2CL/UcnUc1zcqKAImBDzukY7Y5F/yQiNdko6+fRLevlw1HgMySw7f611UIY408EtxRSoK3Q==",
			"peer": true,
			"requires": {
				"js-tokens": "^3.0.0 || ^4.0.0"
			}
		},
		"object-assign": {
			"version": "4.1.1",
			"resolved": "https://registry.npmjs.org/object-assign/-/object-assign-4.1.1.tgz",
			"integrity": "sha1-IQmtx5ZYh8/AXLvUQsrIv7s2CGM=",
			"peer": true
		},
		"react": {
			"version": "17.0.2",
			"resolved": "https://registry.npmjs.org/react/-/react-17.0.2.tgz",
			"integrity": "sha512-gnhPt75i/dq/z3/6q/0asP78D0u592D5L1pd7M8P+dck6Fu/jJeL6iVVK23fptSUZj8Vjf++7wXA8UNclGQcbA==",
			"peer": true,
			"requires": {
				"loose-envify": "^1.1.0",
				"object-assign": "^4.1.1"
			}
		},
		"react-dom": {
			"version": "17.0.2",
			"resolved": "https://registry.npmjs.org/react-dom/-/react-dom-17.0.2.tgz",
			"integrity": "sha512-s4h96KtLDUQlsENhMn1ar8t2bEa+q/YAtj8pPPdIjPDGBDIVNsrD9aXNWqspUe6AzKCIG0C1HZZLqLV7qpOBGA==",
			"peer": true,
			"requires": {
				"loose-envify": "^1.1.0",
				"object-assign": "^4.1.1",
				"scheduler": "^0.20.2"
			}
		},
		"react-i18next": {
			"version": "11.12.0",
			"resolved": "https://registry.npmjs.org/react-i18next/-/react-i18next-11.12.0.tgz",
			"integrity": "sha512-M9BT+hqVG03ywrl+L7CK74ugK+4jIo7AeKJ17+g9BoqJz2+/aVbs8SIVXT4KMQ1rjIdcw+GcSRDy1CXjcz6tLQ==",
			"requires": {
				"@babel/runtime": "^7.14.5",
				"html-parse-stringify": "^3.0.1"
			}
		},
		"react-router": {
			"version": "6.0.2",
			"resolved": "https://registry.npmjs.org/react-router/-/react-router-6.0.2.tgz",
			"integrity": "sha512-8/Wm3Ed8t7TuedXjAvV39+c8j0vwrI5qVsYqjFr5WkJjsJpEvNSoLRUbtqSEYzqaTUj1IV+sbPJxvO+accvU0Q==",
			"requires": {
				"history": "^5.1.0"
			}
		},
		"react-router-dom": {
			"version": "6.0.2",
			"resolved": "https://registry.npmjs.org/react-router-dom/-/react-router-dom-6.0.2.tgz",
			"integrity": "sha512-cOpJ4B6raFutr0EG8O/M2fEoyQmwvZWomf1c6W2YXBZuFBx8oTk/zqjXghwScyhfrtnt0lANXV2182NQblRxFA==",
			"requires": {
				"history": "^5.1.0",
				"react-router": "6.0.2"
			}
		},
		"regenerator-runtime": {
			"version": "0.13.5",
			"resolved": "https://registry.npmjs.org/regenerator-runtime/-/regenerator-runtime-0.13.5.tgz",
			"integrity": "sha512-ZS5w8CpKFinUzOwW3c83oPeVXoNsrLsaCoLtJvAClH135j/R77RuymhiSErhm2lKcwSCIpmvIWSbDkIfAqKQlA=="
		},
		"scheduler": {
			"version": "0.20.2",
			"resolved": "https://registry.npmjs.org/scheduler/-/scheduler-0.20.2.tgz",
			"integrity": "sha512-2eWfGgAqqWFGqtdMmcL5zCMK1U8KlXv8SQFGglL3CEtd0aDVDWgeF/YoCmvln55m5zSk3J/20hTaSBeSObsQDQ==",
			"peer": true,
			"requires": {
				"loose-envify": "^1.1.0",
				"object-assign": "^4.1.1"
			}
		},
		"single-spa-react": {
			"version": "4.4.0",
			"resolved": "https://registry.npmjs.org/single-spa-react/-/single-spa-react-4.4.0.tgz",
			"integrity": "sha512-tyvVayCqCWKL7dtv52f2Uzh7Iilu7+GB6upO/F1UMZcqa1+fUziIgkcofwwRE+HMZWCEl1KJW48VgrlK2HvMnQ==",
			"requires": {}
		},
		"void-elements": {
			"version": "3.1.0",
			"resolved": "https://registry.npmjs.org/void-elements/-/void-elements-3.1.0.tgz",
			"integrity": "sha1-YU9/v42AHwu18GYfWy9XhXUOTwk="
		}
	}
}
