{
	"name": "@akashaproject/ui-awf-testing-utils",
	"version": "0.1.0",
	"lockfileVersion": 1,
	"requires": true,
	"dependencies": {
		"@babel/runtime": {
			"version": "7.13.16",
			"resolved": "https://registry.npmjs.org/@babel/runtime/-/runtime-7.13.16.tgz",
			"integrity": "sha512-7VsWJsI5USRhBLE/3of+VU2DDNWtYHQlq2IHu2iL15+Yx4qVqP8KllR6JMHQlTKWRyDk9Tw6unkqSusaHXt//A==",
			"dev": true,
			"requires": {
				"regenerator-runtime": "^0.13.4"
			}
		},
		"@types/faker": {
			"version": "5.5.3",
			"resolved": "https://registry.npmjs.org/@types/faker/-/faker-5.5.3.tgz",
			"integrity": "sha512-InxkM6sCFQTI6YQl29M/XGlO19ecv/EHH5X5zLEFdge2/qya8oIT0XkJUKTqheVYWJtGi+FBAfP7hbbunDiOmg==",
			"dev": true
		},
		"faker": {
			"version": "5.5.3",
			"resolved": "https://registry.npmjs.org/faker/-/faker-5.5.3.tgz",
			"integrity": "sha512-wLTv2a28wjUyWkbnX7u/ABZBkUkIF2fCd73V6P2oFqEGEktDfzWx4UxrSqtPRw0xPRAcjeAOIiJWqZm3pP4u3g==",
			"dev": true
		},
		"html-parse-stringify": {
			"version": "3.0.0",
			"resolved": "https://registry.npmjs.org/html-parse-stringify/-/html-parse-stringify-3.0.0.tgz",
			"integrity": "sha512-TrTKp/U0tACrpqalte/VhxepqMLii2mOfC8iuOt4+VA7Zdi6BUKKqNJvEsO17Cr3T3E7PpqLe3NdLII6bcYJgg==",
			"dev": true,
			"requires": {
				"void-elements": "3.1.0"
			}
		},
		"react-i18next": {
			"version": "11.8.13",
			"resolved": "https://registry.npmjs.org/react-i18next/-/react-i18next-11.8.13.tgz",
			"integrity": "sha512-KTNuLYnEwI9y54nSEal4yBxXBnfCCfh7t/0p/UHfhlGNcIMu+V4x/y5zGKzbOEK4noQrUzZ+J47RPYH7rMs2ZQ==",
			"dev": true,
			"requires": {
				"@babel/runtime": "^7.13.6",
				"html-parse-stringify": "^3.0.0"
			}
		},
		"regenerator-runtime": {
			"version": "0.13.7",
			"resolved": "https://registry.npmjs.org/regenerator-runtime/-/regenerator-runtime-0.13.7.tgz",
			"integrity": "sha512-a54FxoJDIr27pgf7IgeQGxmqUNYrcV338lf/6gH456HZ/PhX+5BcwHXG9ajESmwe6WRO0tAzRUrRmNONWgkrew==",
			"dev": true
		},
		"void-elements": {
			"version": "3.1.0",
			"resolved": "https://registry.npmjs.org/void-elements/-/void-elements-3.1.0.tgz",
			"integrity": "sha1-YU9/v42AHwu18GYfWy9XhXUOTwk=",
			"dev": true
		}
	}
}
