{
	"name": "@akashaproject/sdk-runtime",
	"version": "0.1.0",
	"lockfileVersion": 1,
	"requires": true,
	"dependencies": {
		"bottlejs": {
			"version": "1.7.2",
			"resolved": "https://registry.npmjs.org/bottlejs/-/bottlejs-1.7.2.tgz",
			"integrity": "sha512-voMPQ+g8/4GBiDE5lp43fgfoBn7Q5fZI7k3ye8ErrPoHzuuRS0Gff9lZYeyalh86uz5P304iZ14wNAM+3TZguQ=="
		},
		"lru-cache": {
			"version": "5.1.1",
			"resolved": "https://registry.npmjs.org/lru-cache/-/lru-cache-5.1.1.tgz",
			"integrity": "sha512-KpNARQA3Iwv+jTA0utUVVbrh+Jlrr1Fv0e56GGzAFOXN7dk/FviaDW8LHmK52DlcH4WP2n6gI8vN1aesBFgo9w==",
			"requires": {
				"yallist": "^3.0.2"
			}
		},
		"yallist": {
			"version": "3.0.3",
			"resolved": "https://registry.npmjs.org/yallist/-/yallist-3.0.3.tgz",
			"integrity": "sha512-S+Zk8DEWE6oKpV+vI3qWkaK+jSbIK86pCwe2IF/xwIpQ8jEuxpw9NyaGjmp9+BoJv5FV2piqCDcoCtStppiq2A=="
		}
	}
}
