{
	"name": "@akashaproject/sdk-runtime",
	"version": "0.1.0",
	"lockfileVersion": 1,
	"requires": true,
	"dependencies": {
		"@apollo/client": {
			"version": "3.3.14",
			"resolved": "https://registry.npmjs.org/@apollo/client/-/client-3.3.14.tgz",
			"integrity": "sha512-z7YwMvF9grmpWUG+26e3gPcBAOA/r/Ci5gwK7JVm3bGYG9kKqG8MF6sMXEbuwTsFseE4duSp0icJ6tdzxJhhlA==",
			"requires": {
				"@graphql-typed-document-node/core": "^3.0.0",
				"@types/zen-observable": "^0.8.0",
				"@wry/context": "^0.6.0",
				"@wry/equality": "^0.4.0",
				"fast-json-stable-stringify": "^2.0.0",
				"graphql-tag": "^2.12.0",
				"hoist-non-react-statics": "^3.3.2",
				"optimism": "^0.15.0",
				"prop-types": "^15.7.2",
				"symbol-observable": "^2.0.0",
				"ts-invariant": "^0.7.0",
				"tslib": "^1.10.0",
				"zen-observable": "^0.8.14"
			}
		},
		"@graphql-typed-document-node/core": {
			"version": "3.1.0",
			"resolved": "https://registry.npmjs.org/@graphql-typed-document-node/core/-/core-3.1.0.tgz",
			"integrity": "sha512-wYn6r8zVZyQJ6rQaALBEln5B1pzxb9shV5Ef97kTvn6yVGrqyXVnDqnU24MXnFubR+rZjBY9NWuxX3FB2sTsjg=="
		},
		"@types/zen-observable": {
			"version": "0.8.2",
			"resolved": "https://registry.npmjs.org/@types/zen-observable/-/zen-observable-0.8.2.tgz",
			"integrity": "sha512-HrCIVMLjE1MOozVoD86622S7aunluLb2PJdPfb3nYiEtohm8mIB/vyv0Fd37AdeMFrTUQXEunw78YloMA3Qilg=="
		},
		"@wry/context": {
			"version": "0.6.0",
			"resolved": "https://registry.npmjs.org/@wry/context/-/context-0.6.0.tgz",
			"integrity": "sha512-sAgendOXR8dM7stJw3FusRxFHF/ZinU0lffsA2YTyyIOfic86JX02qlPqPVqJNZJPAxFt+2EE8bvq6ZlS0Kf+Q==",
			"requires": {
				"tslib": "^2.1.0"
			},
			"dependencies": {
				"tslib": {
					"version": "2.2.0",
					"resolved": "https://registry.npmjs.org/tslib/-/tslib-2.2.0.tgz",
					"integrity": "sha512-gS9GVHRU+RGn5KQM2rllAlR3dU6m7AcpJKdtH8gFvQiC4Otgk98XnmMU+nZenHt/+VhnBPWwgrJsyrdcw6i23w=="
				}
			}
		},
		"@wry/equality": {
			"version": "0.4.0",
			"resolved": "https://registry.npmjs.org/@wry/equality/-/equality-0.4.0.tgz",
			"integrity": "sha512-DxN/uawWfhRbgYE55zVCPOoe+jvsQ4m7PT1Wlxjyb/LCCLuU1UsucV2BbCxFAX8bjcSueFBbB5Qfj1Zfe8e7Fw==",
			"requires": {
				"tslib": "^2.1.0"
			},
			"dependencies": {
				"tslib": {
					"version": "2.2.0",
					"resolved": "https://registry.npmjs.org/tslib/-/tslib-2.2.0.tgz",
					"integrity": "sha512-gS9GVHRU+RGn5KQM2rllAlR3dU6m7AcpJKdtH8gFvQiC4Otgk98XnmMU+nZenHt/+VhnBPWwgrJsyrdcw6i23w=="
				}
			}
		},
		"@wry/trie": {
			"version": "0.3.0",
			"resolved": "https://registry.npmjs.org/@wry/trie/-/trie-0.3.0.tgz",
			"integrity": "sha512-Yw1akIogPhAT6XPYsRHlZZIS0tIGmAl9EYXHi2scf7LPKKqdqmow/Hu4kEqP2cJR3EjaU/9L0ZlAjFf3hFxmug==",
			"requires": {
				"tslib": "^2.1.0"
			},
			"dependencies": {
				"tslib": {
					"version": "2.2.0",
					"resolved": "https://registry.npmjs.org/tslib/-/tslib-2.2.0.tgz",
					"integrity": "sha512-gS9GVHRU+RGn5KQM2rllAlR3dU6m7AcpJKdtH8gFvQiC4Otgk98XnmMU+nZenHt/+VhnBPWwgrJsyrdcw6i23w=="
				}
			}
		},
		"bottlejs": {
			"version": "2.0.0",
			"resolved": "https://registry.npmjs.org/bottlejs/-/bottlejs-2.0.0.tgz",
			"integrity": "sha512-Qhz5dd1YPTOHw0gZ1a1WpJ/oEWsq09BMMbxczeAPgubISij+ZFfah7wfOlHFeFQpWLQkS9TGz5C54tV6v0BlFA=="
		},
		"fast-json-stable-stringify": {
			"version": "2.1.0",
			"resolved": "https://registry.npmjs.org/fast-json-stable-stringify/-/fast-json-stable-stringify-2.1.0.tgz",
			"integrity": "sha512-lhd/wF+Lk98HZoTCtlVraHtfh5XYijIjalXck7saUtuanSDyLMxnHhSXEDJqHxD7msR8D0uCmqlkwjCV8xvwHw=="
		},
		"graphql": {
			"version": "15.5.0",
			"resolved": "https://registry.npmjs.org/graphql/-/graphql-15.5.0.tgz",
			"integrity": "sha512-OmaM7y0kaK31NKG31q4YbD2beNYa6jBBKtMFT6gLYJljHLJr42IqJ8KX08u3Li/0ifzTU5HjmoOOrwa5BRLeDA=="
		},
		"graphql-tag": {
			"version": "2.12.3",
			"resolved": "https://registry.npmjs.org/graphql-tag/-/graphql-tag-2.12.3.tgz",
			"integrity": "sha512-5wJMjSvj30yzdciEuk9dPuUBUR56AqDi3xncoYQl1i42pGdSqOJrJsdb/rz5BDoy+qoGvQwABcBeF0xXY3TrKw==",
			"requires": {
				"tslib": "^2.1.0"
			},
			"dependencies": {
				"tslib": {
					"version": "2.2.0",
					"resolved": "https://registry.npmjs.org/tslib/-/tslib-2.2.0.tgz",
					"integrity": "sha512-gS9GVHRU+RGn5KQM2rllAlR3dU6m7AcpJKdtH8gFvQiC4Otgk98XnmMU+nZenHt/+VhnBPWwgrJsyrdcw6i23w=="
				}
			}
		},
		"hoist-non-react-statics": {
			"version": "3.3.2",
			"resolved": "https://registry.npmjs.org/hoist-non-react-statics/-/hoist-non-react-statics-3.3.2.tgz",
			"integrity": "sha512-/gGivxi8JPKWNm/W0jSmzcMPpfpPLc3dY/6GxhX2hQ9iGj3aDfklV4ET7NjKpSinLpJ5vafa9iiGIEZg10SfBw==",
			"requires": {
				"react-is": "^16.7.0"
			}
		},
		"js-tokens": {
			"version": "4.0.0",
			"resolved": "https://registry.npmjs.org/js-tokens/-/js-tokens-4.0.0.tgz",
			"integrity": "sha512-RdJUflcE3cUzKiMqQgsCu06FPu9UdIJO0beYbPhHN4k6apgJtifcoCtT9bcxOpYBtpD2kCM6Sbzg4CausW/PKQ=="
		},
		"loose-envify": {
			"version": "1.4.0",
			"resolved": "https://registry.npmjs.org/loose-envify/-/loose-envify-1.4.0.tgz",
			"integrity": "sha512-lyuxPGr/Wfhrlem2CL/UcnUc1zcqKAImBDzukY7Y5F/yQiNdko6+fRLevlw1HgMySw7f611UIY408EtxRSoK3Q==",
			"requires": {
				"js-tokens": "^3.0.0 || ^4.0.0"
			}
		},
		"lru-cache": {
			"version": "5.1.1",
			"resolved": "https://registry.npmjs.org/lru-cache/-/lru-cache-5.1.1.tgz",
			"integrity": "sha512-KpNARQA3Iwv+jTA0utUVVbrh+Jlrr1Fv0e56GGzAFOXN7dk/FviaDW8LHmK52DlcH4WP2n6gI8vN1aesBFgo9w==",
			"requires": {
				"yallist": "^3.0.2"
			}
		},
		"object-assign": {
			"version": "4.1.1",
			"resolved": "https://registry.npmjs.org/object-assign/-/object-assign-4.1.1.tgz",
			"integrity": "sha1-IQmtx5ZYh8/AXLvUQsrIv7s2CGM="
		},
		"object-hash": {
			"version": "2.1.1",
			"resolved": "https://registry.npmjs.org/object-hash/-/object-hash-2.1.1.tgz",
			"integrity": "sha512-VOJmgmS+7wvXf8CjbQmimtCnEx3IAoLxI3fp2fbWehxrWBcAQFbk+vcwb6vzR0VZv/eNCJ/27j151ZTwqW/JeQ=="
		},
		"optimism": {
			"version": "0.15.0",
			"resolved": "https://registry.npmjs.org/optimism/-/optimism-0.15.0.tgz",
			"integrity": "sha512-KLKl3Kb7hH++s9ewRcBhmfpXgXF0xQ+JZ3xQFuPjnoT6ib2TDmYyVkKENmGxivsN2G3VRxpXuauCkB4GYOhtPw==",
			"requires": {
				"@wry/context": "^0.6.0",
				"@wry/trie": "^0.3.0"
			}
		},
		"prop-types": {
			"version": "15.7.2",
			"resolved": "https://registry.npmjs.org/prop-types/-/prop-types-15.7.2.tgz",
			"integrity": "sha512-8QQikdH7//R2vurIJSutZ1smHYTcLpRWEOlHnzcWHmBYrOGUysKwSsrC89BCiFj3CbrfJ/nXFdJepOVrY1GCHQ==",
			"requires": {
				"loose-envify": "^1.4.0",
				"object-assign": "^4.1.1",
				"react-is": "^16.8.1"
			}
		},
		"react-is": {
			"version": "16.13.1",
			"resolved": "https://registry.npmjs.org/react-is/-/react-is-16.13.1.tgz",
			"integrity": "sha512-24e6ynE2H+OKt4kqsOvNd8kBpV65zoxbA4BVsEOB3ARVWQki/DHzaUoC5KuON/BiccDaCCTZBuOcfZs70kR8bQ=="
		},
		"symbol-observable": {
			"version": "2.0.3",
			"resolved": "https://registry.npmjs.org/symbol-observable/-/symbol-observable-2.0.3.tgz",
			"integrity": "sha512-sQV7phh2WCYAn81oAkakC5qjq2Ml0g8ozqz03wOGnx9dDlG1de6yrF+0RAzSJD8fPUow3PTSMf2SAbOGxb93BA=="
		},
		"ts-invariant": {
			"version": "0.7.3",
			"resolved": "https://registry.npmjs.org/ts-invariant/-/ts-invariant-0.7.3.tgz",
			"integrity": "sha512-UWDDeovyUTIMWj+45g5nhnl+8oo+GhxL5leTaHn5c8FkQWfh8v66gccLd2/YzVmV5hoQUjCEjhrXnQqVDJdvKA==",
			"requires": {
				"tslib": "^2.1.0"
			},
			"dependencies": {
				"tslib": {
					"version": "2.2.0",
					"resolved": "https://registry.npmjs.org/tslib/-/tslib-2.2.0.tgz",
					"integrity": "sha512-gS9GVHRU+RGn5KQM2rllAlR3dU6m7AcpJKdtH8gFvQiC4Otgk98XnmMU+nZenHt/+VhnBPWwgrJsyrdcw6i23w=="
				}
			}
		},
		"tslib": {
			"version": "1.14.1",
			"resolved": "https://registry.npmjs.org/tslib/-/tslib-1.14.1.tgz",
			"integrity": "sha512-Xni35NKzjgMrwevysHTCArtLDpPvye8zV/0E4EyYn43P7/7qvQwPh9BGkHewbMulVntbigmcT7rdX3BNo9wRJg=="
		},
		"yallist": {
			"version": "3.1.1",
			"resolved": "https://registry.npmjs.org/yallist/-/yallist-3.1.1.tgz",
			"integrity": "sha512-a4UGQaWPH59mOXUYnAG2ewncQS4i4F43Tv3JoAM+s2VDAmS9NsK8GpDMLrCHPksFT7h3K6TOoUNn2pb7RoXx4g=="
		},
		"zen-observable": {
			"version": "0.8.15",
			"resolved": "https://registry.npmjs.org/zen-observable/-/zen-observable-0.8.15.tgz",
			"integrity": "sha512-PQ2PC7R9rslx84ndNBZB/Dkv8V8fZEpk83RLgXtYd0fwUgEjseMn1Dgajh2x6S8QbZAFa9p2qVCEuYZNgve0dQ=="
		}
	}
}
