{
  "name": "@akashaproject/ui-widget-trending",
  "version": "0.1.0",
  "lockfileVersion": 1,
  "requires": true,
  "dependencies": {
    "@babel/runtime": {
      "version": "7.14.0",
      "resolved": "https://registry.npmjs.org/@babel/runtime/-/runtime-7.14.0.tgz",
      "integrity": "sha512-JELkvo/DlpNdJ7dlyw/eY7E0suy5i5GQH+Vlxaq1nsNJ+H7f4Vtv3jMeCEgRhZZQFXTjldYfQgv2qmM6M1v5wA==",
      "requires": {
        "regenerator-runtime": "^0.13.4"
      }
    },
    "@types/hoist-non-react-statics": {
      "version": "3.3.1",
      "resolved": "https://registry.npmjs.org/@types/hoist-non-react-statics/-/hoist-non-react-statics-3.3.1.tgz",
      "integrity": "sha512-iMIqiko6ooLrTh1joXodJK5X9xeEALT1kM5G3ZLhD3hszxBdIEd5C75U834D9mLcINgD4OyZf5uQXjkuYydWvA==",
      "dev": true,
      "requires": {
        "@types/react": "*",
        "hoist-non-react-statics": "^3.3.0"
      }
    },
    "@types/prop-types": {
      "version": "15.7.3",
      "resolved": "https://registry.npmjs.org/@types/prop-types/-/prop-types-15.7.3.tgz",
      "integrity": "sha512-KfRL3PuHmqQLOG+2tGpRO26Ctg+Cq1E01D2DMriKEATHgWLfeNDmq9e29Q9WIky0dQ3NPkd1mzYH8Lm936Z9qw==",
      "dev": true
    },
    "@types/react": {
      "version": "17.0.2",
      "resolved": "https://registry.npmjs.org/@types/react/-/react-17.0.2.tgz",
      "integrity": "sha512-Xt40xQsrkdvjn1EyWe1Bc0dJLcil/9x2vAuW7ya+PuQip4UYUaXyhzWmAbwRsdMgwOFHpfp7/FFZebDU6Y8VHA==",
      "dev": true,
      "requires": {
        "@types/prop-types": "*",
        "csstype": "^3.0.2"
      }
    },
    "@types/react-dom": {
      "version": "17.0.2",
      "resolved": "https://registry.npmjs.org/@types/react-dom/-/react-dom-17.0.2.tgz",
      "integrity": "sha512-Icd9KEgdnFfJs39KyRyr0jQ7EKhq8U6CcHRMGAS45fp5qgUvxL3ujUCfWFttUK2UErqZNj97t9gsVPNAqcwoCg==",
      "dev": true,
      "requires": {
        "@types/react": "*"
      }
    },
    "@types/react-native": {
      "version": "0.63.48",
      "resolved": "https://registry.npmjs.org/@types/react-native/-/react-native-0.63.48.tgz",
      "integrity": "sha512-6+7WsHfVkcYEwO/u3wxarMwZq/mbJZ5iDYCXwX5bs8lm0vEIuBdMsk9jrwxuCBvaXhGdB0lriwTgfew/7VN2Kg==",
      "dev": true,
      "requires": {
        "@types/react": "*"
      }
    },
    "@types/styled-components": {
      "version": "5.1.4",
      "resolved": "https://registry.npmjs.org/@types/styled-components/-/styled-components-5.1.4.tgz",
      "integrity": "sha512-78f5Zuy0v/LTQNOYfpH+CINHpchzMMmAt9amY2YNtSgsk1TmlKm8L2Wijss/mtTrsUAVTm2CdGB8VOM65vA8xg==",
      "dev": true,
      "requires": {
        "@types/hoist-non-react-statics": "*",
        "@types/react": "*",
        "@types/react-native": "*",
        "csstype": "^3.0.2"
      }
    },
    "csstype": {
      "version": "3.0.6",
      "resolved": "https://registry.npmjs.org/csstype/-/csstype-3.0.6.tgz",
      "integrity": "sha512-+ZAmfyWMT7TiIlzdqJgjMb7S4f1beorDbWbsocyK4RaiqA5RTX3K14bnBWmmA9QEM0gRdsjyyrEmcyga8Zsxmw==",
      "dev": true
    },
    "hoist-non-react-statics": {
      "version": "3.3.2",
      "resolved": "https://registry.npmjs.org/hoist-non-react-statics/-/hoist-non-react-statics-3.3.2.tgz",
      "integrity": "sha512-/gGivxi8JPKWNm/W0jSmzcMPpfpPLc3dY/6GxhX2hQ9iGj3aDfklV4ET7NjKpSinLpJ5vafa9iiGIEZg10SfBw==",
      "dev": true,
      "requires": {
        "react-is": "^16.7.0"
      }
    },
    "html-parse-stringify": {
      "version": "3.0.1",
      "resolved": "https://registry.npmjs.org/html-parse-stringify/-/html-parse-stringify-3.0.1.tgz",
      "integrity": "sha512-KknJ50kTInJ7qIScF3jeaFRpMpE8/lfiTdzf/twXyPBLAGrLRTmkz3AdTnKeh40X8k9L2fdYwEp/42WGXIRGcg==",
      "requires": {
        "void-elements": "3.1.0"
      }
    },
    "i18next": {
      "version": "20.3.1",
      "resolved": "https://registry.npmjs.org/i18next/-/i18next-20.3.1.tgz",
      "integrity": "sha512-WTY07KreR5z2LBSzAIKs05zpR5tgUT98C4fD96e7Risbc/HZePwF6AEnb9VkjdeSeRn9PDqQBay7ZkphuXt0Xw==",
      "requires": {
        "@babel/runtime": "^7.12.0"
      }
    },
    "i18next-browser-languagedetector": {
      "version": "6.1.1",
      "resolved": "https://registry.npmjs.org/i18next-browser-languagedetector/-/i18next-browser-languagedetector-6.1.1.tgz",
      "integrity": "sha512-hckgbBdCpJPhkGUANe6tsvD52k9R7GuYskG0EaIw89pZz3owUvUEwXHqM5pX1Pn93jz+O65Y09ikwJrMkqtq2Q==",
      "requires": {
        "@babel/runtime": "^7.5.5"
      }
    },
    "i18next-chained-backend": {
      "version": "3.0.2",
      "resolved": "https://registry.npmjs.org/i18next-chained-backend/-/i18next-chained-backend-3.0.2.tgz",
      "integrity": "sha512-0dd/7oVtPHJnCDMuDvjzlXmWxwfbLOGBFXd1+cgcZ54QlMwv6/ofQ9xhrBIhCFjNh97WQ5pytEeTdcAGwLQ/QA==",
      "requires": {
        "@babel/runtime": "^7.14.0"
      }
    },
    "i18next-fetch-backend": {
      "version": "3.0.0",
      "resolved": "https://registry.npmjs.org/i18next-fetch-backend/-/i18next-fetch-backend-3.0.0.tgz",
      "integrity": "sha512-UiK9dI81qzEtnhgpKcRPAo67ChYaUaIi1kfRfN+vuFEoP3SPttuIY1RJAnVh7qaYzS573cZtG/7KE+qq5Dn1YQ=="
    },
    "i18next-localstorage-backend": {
      "version": "3.1.2",
      "resolved": "https://registry.npmjs.org/i18next-localstorage-backend/-/i18next-localstorage-backend-3.1.2.tgz",
      "integrity": "sha512-J81qf9atTAc9iMdHUNKJeAWgUsFvqbxfHIIztmF62tOaINA2AJk0kewJjm8LQDuArkiuW9RhQPbhqbyeZut35g==",
      "requires": {
        "@babel/runtime": "^7.4.5"
      }
    },
    "react-i18next": {
      "version": "11.10.0",
      "resolved": "https://registry.npmjs.org/react-i18next/-/react-i18next-11.10.0.tgz",
      "integrity": "sha512-Vn0Xw2MczBZHKciWdayx4J+P3S9Im2FWIzUPV2O7iUVFqIOhMv6o9mVTJN1gEi/MA2FZzorjvaEijglCMeehZQ==",
      "requires": {
        "@babel/runtime": "^7.14.0",
        "html-parse-stringify": "^3.0.1"
      }
    },
    "react-is": {
      "version": "16.13.1",
      "resolved": "https://registry.npmjs.org/react-is/-/react-is-16.13.1.tgz",
      "integrity": "sha512-24e6ynE2H+OKt4kqsOvNd8kBpV65zoxbA4BVsEOB3ARVWQki/DHzaUoC5KuON/BiccDaCCTZBuOcfZs70kR8bQ==",
      "dev": true
    },
    "regenerator-runtime": {
      "version": "0.13.7",
      "resolved": "https://registry.npmjs.org/regenerator-runtime/-/regenerator-runtime-0.13.7.tgz",
      "integrity": "sha512-a54FxoJDIr27pgf7IgeQGxmqUNYrcV338lf/6gH456HZ/PhX+5BcwHXG9ajESmwe6WRO0tAzRUrRmNONWgkrew=="
    },
    "single-spa-react": {
      "version": "4.1.1",
      "resolved": "https://registry.npmjs.org/single-spa-react/-/single-spa-react-4.1.1.tgz",
      "integrity": "sha512-3g/mnPnbxrcVUdupqxhYRnuV25+YC2acrlGTcA/rK6RjNBoMdMvenbN0K2aoypZYtB5dzIFkCUJMx7GUZChPYg=="
    },
    "void-elements": {
      "version": "3.1.0",
      "resolved": "https://registry.npmjs.org/void-elements/-/void-elements-3.1.0.tgz",
      "integrity": "sha1-YU9/v42AHwu18GYfWy9XhXUOTwk="
    }
  }
}
