{
	"name": "@akashaproject/ui-awf-typings",
	"version": "0.1.0",
	"lockfileVersion": 1,
	"requires": true,
	"dependencies": {
		"@babel/runtime": {
			"version": "7.14.0",
			"resolved": "https://registry.npmjs.org/@babel/runtime/-/runtime-7.14.0.tgz",
			"integrity": "sha512-JELkvo/DlpNdJ7dlyw/eY7E0suy5i5GQH+Vlxaq1nsNJ+H7f4Vtv3jMeCEgRhZZQFXTjldYfQgv2qmM6M1v5wA==",
			"dev": true,
			"requires": {
				"regenerator-runtime": "^0.13.4"
			}
		},
		"i18next": {
			"version": "20.2.2",
			"resolved": "https://registry.npmjs.org/i18next/-/i18next-20.2.2.tgz",
			"integrity": "sha512-uWCv9LzKpe+OwvnKKrb8CbJwgAhasQofD58cB0PQ6bTPXEl5PlItl5C4esmY8HtriLu9nrjc2Hi0IfYv3Fy8BQ==",
			"dev": true,
			"requires": {
				"@babel/runtime": "^7.12.0"
			}
		},
		"regenerator-runtime": {
			"version": "0.13.7",
			"resolved": "https://registry.npmjs.org/regenerator-runtime/-/regenerator-runtime-0.13.7.tgz",
			"integrity": "sha512-a54FxoJDIr27pgf7IgeQGxmqUNYrcV338lf/6gH456HZ/PhX+5BcwHXG9ajESmwe6WRO0tAzRUrRmNONWgkrew==",
			"dev": true
		},
		"rxjs": {
			"version": "7.0.0",
			"resolved": "https://registry.npmjs.org/rxjs/-/rxjs-7.0.0.tgz",
			"integrity": "sha512-I1V/ArAtGJg4kmCfms8fULm0SwYgEsAf2d5WPCBGzTYm2qTjO3Tx4EDFaGjbOox8CeEsC69jQK22mnmfyA26sw==",
			"dev": true,
			"requires": {
				"tslib": "~2.1.0"
			}
		},
		"single-spa": {
			"version": "5.9.2",
			"resolved": "https://registry.npmjs.org/single-spa/-/single-spa-5.9.2.tgz",
			"integrity": "sha512-XYl0rWAuTsdz8juLVMk7jjFZPIpv0TVECUh3+SNzReFJ8OfjndnUNvCSF6e5jAd7/8CNnKItpPgIsAvKvDvpHw==",
			"dev": true
		},
		"tslib": {
			"version": "2.1.0",
			"resolved": "https://registry.npmjs.org/tslib/-/tslib-2.1.0.tgz",
			"integrity": "sha512-hcVC3wYEziELGGmEEXue7D75zbwIIVUMWAVbHItGPx0ziyXxrOMQx4rQEVEV45Ut/1IotuEvwqPopzIOkDMf0A==",
			"dev": true
		}
	}
}
