{
	"name": "@akashaproject/ui-plugin-search",
	"version": "0.1.0",
	"lockfileVersion": 1,
	"requires": true,
	"dependencies": {
		"@babel/runtime": {
			"version": "7.9.6",
			"resolved": "https://registry.npmjs.org/@babel/runtime/-/runtime-7.9.6.tgz",
			"integrity": "sha512-64AF1xY3OAkFHqOb9s4jpgk1Mm5vDZ4L3acHvAml+53nO1XbXLuDodsVpO4OIUsmemlUHMxNdYMNJmsvOwLrvQ==",
			"requires": {
				"regenerator-runtime": "^0.13.4"
			}
		},
		"@types/history": {
			"version": "4.7.8",
			"resolved": "https://registry.npmjs.org/@types/history/-/history-4.7.8.tgz",
			"integrity": "sha512-S78QIYirQcUoo6UJZx9CSP0O2ix9IaeAXwQi26Rhr/+mg7qqPy8TzaxHSUut7eGjL8WmLccT7/MXf304WjqHcA=="
		},
		"@types/i18next": {
			"version": "13.0.0",
			"resolved": "https://registry.npmjs.org/@types/i18next/-/i18next-13.0.0.tgz",
			"integrity": "sha512-gp/SIShAuf4WOqi8ey0nuI7qfWaVpMNCcs/xLygrh/QTQIXmlDC1E0TtVejweNW+7SGDY7g0lyxyKZIJuCKIJw==",
			"requires": {
				"i18next": "*"
			}
		},
		"@types/prop-types": {
			"version": "15.7.3",
			"resolved": "https://registry.npmjs.org/@types/prop-types/-/prop-types-15.7.3.tgz",
			"integrity": "sha512-KfRL3PuHmqQLOG+2tGpRO26Ctg+Cq1E01D2DMriKEATHgWLfeNDmq9e29Q9WIky0dQ3NPkd1mzYH8Lm936Z9qw=="
		},
		"@types/react": {
			"version": "16.9.56",
			"resolved": "https://registry.npmjs.org/@types/react/-/react-16.9.56.tgz",
			"integrity": "sha512-gIkl4J44G/qxbuC6r2Xh+D3CGZpJ+NdWTItAPmZbR5mUS+JQ8Zvzpl0ea5qT/ZT3ZNTUcDKUVqV3xBE8wv/DyQ==",
			"requires": {
				"@types/prop-types": "*",
				"csstype": "^3.0.2"
			}
		},
		"@types/react-dom": {
			"version": "16.9.9",
			"resolved": "https://registry.npmjs.org/@types/react-dom/-/react-dom-16.9.9.tgz",
			"integrity": "sha512-jE16FNWO3Logq/Lf+yvEAjKzhpST/Eac8EMd1i4dgZdMczfgqC8EjpxwNgEe3SExHYLliabXDh9DEhhqnlXJhg==",
			"dev": true,
			"requires": {
				"@types/react": "*"
			}
		},
		"@types/react-i18next": {
			"version": "8.1.0",
			"resolved": "https://registry.npmjs.org/@types/react-i18next/-/react-i18next-8.1.0.tgz",
			"integrity": "sha512-d4xhcjX5b3roNMObRNMfb1HinHQlQLPo8xlDj60dnHeeAw2bBymR2cy/l1giJpHzo/ZFgSvgVUvIWr4kCrenCg==",
			"requires": {
				"react-i18next": "*"
			}
		},
		"@types/react-router": {
			"version": "5.1.8",
			"resolved": "https://registry.npmjs.org/@types/react-router/-/react-router-5.1.8.tgz",
			"integrity": "sha512-HzOyJb+wFmyEhyfp4D4NYrumi+LQgQL/68HvJO+q6XtuHSDvw6Aqov7sCAhjbNq3bUPgPqbdvjXC5HeB2oEAPg==",
			"requires": {
				"@types/history": "*",
				"@types/react": "*"
			}
		},
		"@types/react-router-dom": {
			"version": "5.1.6",
			"resolved": "https://registry.npmjs.org/@types/react-router-dom/-/react-router-dom-5.1.6.tgz",
			"integrity": "sha512-gjrxYqxz37zWEdMVvQtWPFMFj1dRDb4TGOcgyOfSXTrEXdF92L00WE3C471O3TV/RF1oskcStkXsOU0Ete4s/g==",
			"requires": {
				"@types/history": "*",
				"@types/react": "*",
				"@types/react-router": "*"
			}
		},
		"@types/react-test-renderer": {
			"version": "16.9.3",
			"resolved": "https://registry.npmjs.org/@types/react-test-renderer/-/react-test-renderer-16.9.3.tgz",
			"integrity": "sha512-wJ7IlN5NI82XMLOyHSa+cNN4Z0I+8/YaLl04uDgcZ+W+ExWCmCiVTLT/7fRNqzy4OhStZcUwIqLNF7q+AdW43Q==",
			"dev": true,
			"requires": {
				"@types/react": "*"
			}
		},
		"@types/single-spa-react": {
			"version": "2.12.0",
			"resolved": "https://registry.npmjs.org/@types/single-spa-react/-/single-spa-react-2.12.0.tgz",
			"integrity": "sha512-FISPO51Cq961trYHVFr30iazZHuGyAJ0ZH38wpxhJdZUZcAwfR7UG19sHGWRtTip1kv3xRshS3L9tzaYcKbPVg==",
			"dev": true,
			"requires": {
				"@types/react": "*",
				"@types/react-dom": "*"
			}
		},
		"acorn-jsx": {
			"version": "5.3.1",
			"resolved": "https://registry.npmjs.org/acorn-jsx/-/acorn-jsx-5.3.1.tgz",
			"integrity": "sha512-K0Ptm/47OKfQRpNQ2J/oIN/3QYiK6FwW+eJbILhsdxh2WTLdl+30o8aGdTbm5JbffpFFAg/g+zi1E+jvJha5ng==",
			"dev": true
		},
		"atob": {
			"version": "2.1.2",
			"resolved": "https://registry.npmjs.org/atob/-/atob-2.1.2.tgz",
			"integrity": "sha512-Wm6ukoaOGJi/73p/cl2GvLjTI5JM1k/O14isD73YML8StrH/7/lRFgmg8nICZgD3bZZvjwCGxtMOD3wWNAu8cg==",
			"dev": true
		},
		"css": {
			"version": "2.2.4",
			"resolved": "https://registry.npmjs.org/css/-/css-2.2.4.tgz",
			"integrity": "sha512-oUnjmWpy0niI3x/mPL8dVEI1l7MnG3+HHyRPHf+YFSbK+svOhXpmSOcDURUh2aOCgl2grzrOPt1nHLuCVFULLw==",
			"dev": true,
			"requires": {
				"inherits": "^2.0.3",
				"source-map": "^0.6.1",
				"source-map-resolve": "^0.5.2",
				"urix": "^0.1.0"
			}
		},
		"csstype": {
			"version": "3.0.5",
			"resolved": "https://registry.npmjs.org/csstype/-/csstype-3.0.5.tgz",
			"integrity": "sha512-uVDi8LpBUKQj6sdxNaTetL6FpeCqTjOvAQuQUa/qAqq8oOd4ivkbhgnqayl0dnPal8Tb/yB1tF+gOvCBiicaiQ=="
		},
		"decode-uri-component": {
			"version": "0.2.0",
			"resolved": "https://registry.npmjs.org/decode-uri-component/-/decode-uri-component-0.2.0.tgz",
			"integrity": "sha1-6zkTMzRYd1y4TNGh+uBiEGu4dUU=",
			"dev": true
		},
		"history": {
			"version": "4.10.1",
			"resolved": "https://registry.npmjs.org/history/-/history-4.10.1.tgz",
			"integrity": "sha512-36nwAD620w12kuzPAsyINPWJqlNbij+hpK1k9XRloDtym8mxzGYl2c17LnV6IAGB2Dmg4tEa7G7DlawS0+qjew==",
			"requires": {
				"@babel/runtime": "^7.1.2",
				"loose-envify": "^1.2.0",
				"resolve-pathname": "^3.0.0",
				"tiny-invariant": "^1.0.2",
				"tiny-warning": "^1.0.0",
				"value-equal": "^1.0.1"
			}
		},
		"hoist-non-react-statics": {
			"version": "3.3.2",
			"resolved": "https://registry.npmjs.org/hoist-non-react-statics/-/hoist-non-react-statics-3.3.2.tgz",
			"integrity": "sha512-/gGivxi8JPKWNm/W0jSmzcMPpfpPLc3dY/6GxhX2hQ9iGj3aDfklV4ET7NjKpSinLpJ5vafa9iiGIEZg10SfBw==",
			"requires": {
				"react-is": "^16.7.0"
			}
		},
		"html-parse-stringify2": {
			"version": "2.0.1",
			"resolved": "https://registry.npmjs.org/html-parse-stringify2/-/html-parse-stringify2-2.0.1.tgz",
			"integrity": "sha1-3FZwtyksoVi3vJFsmmc1rIhyg0o=",
			"requires": {
				"void-elements": "^2.0.1"
			}
		},
		"i18next": {
			"version": "19.4.4",
			"resolved": "https://registry.npmjs.org/i18next/-/i18next-19.4.4.tgz",
			"integrity": "sha512-ofaHtdsDdX3A5nYur1HWblB7J4hIcjr2ACdnwTAJgc8hTfPbyzZfGX0hVkKpI3vzDIgO6Uzc4v1ffW2W6gG6zw==",
			"requires": {
				"@babel/runtime": "^7.3.1"
			}
		},
		"inherits": {
			"version": "2.0.4",
			"resolved": "https://registry.npmjs.org/inherits/-/inherits-2.0.4.tgz",
			"integrity": "sha512-k/vGaX4/Yla3WzyMCvTQOXYeIHvqOKtnqBduzTHpzpQZzAskKMhZ2K+EnBiSM9zGSoIFeMpXKxa4dYeZIQqewQ==",
			"dev": true
		},
		"isarray": {
			"version": "0.0.1",
			"resolved": "https://registry.npmjs.org/isarray/-/isarray-0.0.1.tgz",
			"integrity": "sha1-ihis/Kmo9Bd+Cav8YDiTmwXR7t8="
		},
		"jest-styled-components": {
			"version": "7.0.3",
			"resolved": "https://registry.npmjs.org/jest-styled-components/-/jest-styled-components-7.0.3.tgz",
			"integrity": "sha512-jj9sWyshehUnB0P9WFUaq9Bkh6RKYO8aD8lf3gUrXRwg/MRddTFk7U9D9pC4IAI3v9fbz4vmrMxwaecTpG8NKA==",
			"dev": true,
			"requires": {
				"css": "^2.2.4"
			}
		},
		"js-tokens": {
			"version": "4.0.0",
			"resolved": "https://registry.npmjs.org/js-tokens/-/js-tokens-4.0.0.tgz",
			"integrity": "sha512-RdJUflcE3cUzKiMqQgsCu06FPu9UdIJO0beYbPhHN4k6apgJtifcoCtT9bcxOpYBtpD2kCM6Sbzg4CausW/PKQ=="
		},
		"loose-envify": {
			"version": "1.4.0",
			"resolved": "https://registry.npmjs.org/loose-envify/-/loose-envify-1.4.0.tgz",
			"integrity": "sha512-lyuxPGr/Wfhrlem2CL/UcnUc1zcqKAImBDzukY7Y5F/yQiNdko6+fRLevlw1HgMySw7f611UIY408EtxRSoK3Q==",
			"requires": {
				"js-tokens": "^3.0.0 || ^4.0.0"
			}
		},
		"mini-create-react-context": {
			"version": "0.4.1",
			"resolved": "https://registry.npmjs.org/mini-create-react-context/-/mini-create-react-context-0.4.1.tgz",
			"integrity": "sha512-YWCYEmd5CQeHGSAKrYvXgmzzkrvssZcuuQDDeqkT+PziKGMgE+0MCCtcKbROzocGBG1meBLl2FotlRwf4gAzbQ==",
			"requires": {
				"@babel/runtime": "^7.12.1",
				"tiny-warning": "^1.0.3"
			},
			"dependencies": {
				"@babel/runtime": {
					"version": "7.12.5",
					"resolved": "https://registry.npmjs.org/@babel/runtime/-/runtime-7.12.5.tgz",
					"integrity": "sha512-plcc+hbExy3McchJCEQG3knOsuh3HH+Prx1P6cLIkET/0dLuQDEnrT+s27Axgc9bqfsmNUNHfscgMUdBpC9xfg==",
					"requires": {
						"regenerator-runtime": "^0.13.4"
					}
				}
			}
		},
		"object-assign": {
			"version": "4.1.1",
			"resolved": "https://registry.npmjs.org/object-assign/-/object-assign-4.1.1.tgz",
			"integrity": "sha1-IQmtx5ZYh8/AXLvUQsrIv7s2CGM="
		},
		"path-to-regexp": {
			"version": "1.8.0",
			"resolved": "https://registry.npmjs.org/path-to-regexp/-/path-to-regexp-1.8.0.tgz",
			"integrity": "sha512-n43JRhlUKUAlibEJhPeir1ncUID16QnEjNpwzNdO3Lm4ywrBpBZ5oLD0I6br9evr1Y9JTqwRtAh7JLoOzAQdVA==",
			"requires": {
				"isarray": "0.0.1"
			}
		},
		"prop-types": {
			"version": "15.7.2",
			"resolved": "https://registry.npmjs.org/prop-types/-/prop-types-15.7.2.tgz",
			"integrity": "sha512-8QQikdH7//R2vurIJSutZ1smHYTcLpRWEOlHnzcWHmBYrOGUysKwSsrC89BCiFj3CbrfJ/nXFdJepOVrY1GCHQ==",
			"requires": {
				"loose-envify": "^1.4.0",
				"object-assign": "^4.1.1",
				"react-is": "^16.8.1"
			}
		},
		"react-i18next": {
			"version": "11.7.3",
			"resolved": "https://registry.npmjs.org/react-i18next/-/react-i18next-11.7.3.tgz",
			"integrity": "sha512-7sYZqVZgdaS9Z0ZH6nuJFErCD0zz5wK3jR4/xCrWjZcxHHF3GRu7BXdicbSPprZV4ZYz7LJzxxMHO7dg5Qb70A==",
			"requires": {
				"@babel/runtime": "^7.3.1",
				"html-parse-stringify2": "2.0.1"
			}
		},
		"react-is": {
			"version": "16.13.1",
			"resolved": "https://registry.npmjs.org/react-is/-/react-is-16.13.1.tgz",
			"integrity": "sha512-24e6ynE2H+OKt4kqsOvNd8kBpV65zoxbA4BVsEOB3ARVWQki/DHzaUoC5KuON/BiccDaCCTZBuOcfZs70kR8bQ=="
		},
		"react-router": {
			"version": "5.2.0",
			"resolved": "https://registry.npmjs.org/react-router/-/react-router-5.2.0.tgz",
			"integrity": "sha512-smz1DUuFHRKdcJC0jobGo8cVbhO3x50tCL4icacOlcwDOEQPq4TMqwx3sY1TP+DvtTgz4nm3thuo7A+BK2U0Dw==",
			"requires": {
				"@babel/runtime": "^7.1.2",
				"history": "^4.9.0",
				"hoist-non-react-statics": "^3.1.0",
				"loose-envify": "^1.3.1",
				"mini-create-react-context": "^0.4.0",
				"path-to-regexp": "^1.7.0",
				"prop-types": "^15.6.2",
				"react-is": "^16.6.0",
				"tiny-invariant": "^1.0.2",
				"tiny-warning": "^1.0.0"
			}
		},
		"react-router-dom": {
			"version": "5.2.0",
			"resolved": "https://registry.npmjs.org/react-router-dom/-/react-router-dom-5.2.0.tgz",
			"integrity": "sha512-gxAmfylo2QUjcwxI63RhQ5G85Qqt4voZpUXSEqCwykV0baaOTQDR1f0PmY8AELqIyVc0NEZUj0Gov5lNGcXgsA==",
			"requires": {
				"@babel/runtime": "^7.1.2",
				"history": "^4.9.0",
				"loose-envify": "^1.3.1",
				"prop-types": "^15.6.2",
				"react-router": "5.2.0",
				"tiny-invariant": "^1.0.2",
				"tiny-warning": "^1.0.0"
			}
		},
		"react-shallow-renderer": {
			"version": "16.14.1",
			"resolved": "https://registry.npmjs.org/react-shallow-renderer/-/react-shallow-renderer-16.14.1.tgz",
			"integrity": "sha512-rkIMcQi01/+kxiTE9D3fdS959U1g7gs+/rborw++42m1O9FAQiNI/UNRZExVUoAOprn4umcXf+pFRou8i4zuBg==",
			"dev": true,
			"requires": {
				"object-assign": "^4.1.1",
				"react-is": "^16.12.0 || ^17.0.0"
			}
		},
		"react-test-renderer": {
			"version": "17.0.1",
			"resolved": "https://registry.npmjs.org/react-test-renderer/-/react-test-renderer-17.0.1.tgz",
			"integrity": "sha512-/dRae3mj6aObwkjCcxZPlxDFh73XZLgvwhhyON2haZGUEhiaY5EjfAdw+d/rQmlcFwdTpMXCSGVk374QbCTlrA==",
			"dev": true,
			"requires": {
				"object-assign": "^4.1.1",
				"react-is": "^17.0.1",
				"react-shallow-renderer": "^16.13.1",
				"scheduler": "^0.20.1"
			},
			"dependencies": {
				"react-is": {
					"version": "17.0.1",
					"resolved": "https://registry.npmjs.org/react-is/-/react-is-17.0.1.tgz",
					"integrity": "sha512-NAnt2iGDXohE5LI7uBnLnqvLQMtzhkiAOLXTmv+qnF9Ky7xAPcX8Up/xWIhxvLVGJvuLiNc4xQLtuqDRzb4fSA==",
					"dev": true
				}
			}
		},
		"regenerator-runtime": {
			"version": "0.13.5",
			"resolved": "https://registry.npmjs.org/regenerator-runtime/-/regenerator-runtime-0.13.5.tgz",
			"integrity": "sha512-ZS5w8CpKFinUzOwW3c83oPeVXoNsrLsaCoLtJvAClH135j/R77RuymhiSErhm2lKcwSCIpmvIWSbDkIfAqKQlA=="
		},
		"resolve-pathname": {
			"version": "3.0.0",
			"resolved": "https://registry.npmjs.org/resolve-pathname/-/resolve-pathname-3.0.0.tgz",
			"integrity": "sha512-C7rARubxI8bXFNB/hqcp/4iUeIXJhJZvFPFPiSPRnhU5UPxzMFIl+2E6yY6c4k9giDJAhtV+enfA+G89N6Csng=="
		},
		"resolve-url": {
			"version": "0.2.1",
			"resolved": "https://registry.npmjs.org/resolve-url/-/resolve-url-0.2.1.tgz",
			"integrity": "sha1-LGN/53yJOv0qZj/iGqkIAGjiBSo=",
			"dev": true
		},
		"scheduler": {
			"version": "0.20.1",
			"resolved": "https://registry.npmjs.org/scheduler/-/scheduler-0.20.1.tgz",
			"integrity": "sha512-LKTe+2xNJBNxu/QhHvDR14wUXHRQbVY5ZOYpOGWRzhydZUqrLb2JBvLPY7cAqFmqrWuDED0Mjk7013SZiOz6Bw==",
			"dev": true,
			"requires": {
				"loose-envify": "^1.1.0",
				"object-assign": "^4.1.1"
			}
		},
		"single-spa-react": {
			"version": "3.2.0",
			"resolved": "https://registry.npmjs.org/single-spa-react/-/single-spa-react-3.2.0.tgz",
			"integrity": "sha512-s8K7AuS26WvN9n81z1NBlnZIe/Hin423P8jYLuG/DCNTYo5JbJMS5+Cb/wQd4ikG6YqoedpV4cb7nAcxvlLyhg=="
		},
		"source-map": {
			"version": "0.6.1",
			"resolved": "https://registry.npmjs.org/source-map/-/source-map-0.6.1.tgz",
			"integrity": "sha512-UjgapumWlbMhkBgzT7Ykc5YXUT46F0iKu8SGXq0bcwP5dz/h0Plj6enJqjz1Zbq2l5WaqYnrVbwWOWMyF3F47g==",
			"dev": true
		},
		"source-map-resolve": {
			"version": "0.5.3",
			"resolved": "https://registry.npmjs.org/source-map-resolve/-/source-map-resolve-0.5.3.tgz",
			"integrity": "sha512-Htz+RnsXWk5+P2slx5Jh3Q66vhQj1Cllm0zvnaY98+NFx+Dv2CF/f5O/t8x+KaNdrdIAsruNzoh/KpialbqAnw==",
			"dev": true,
			"requires": {
				"atob": "^2.1.2",
				"decode-uri-component": "^0.2.0",
				"resolve-url": "^0.2.1",
				"source-map-url": "^0.4.0",
				"urix": "^0.1.0"
			}
		},
		"source-map-url": {
			"version": "0.4.0",
			"resolved": "https://registry.npmjs.org/source-map-url/-/source-map-url-0.4.0.tgz",
			"integrity": "sha1-PpNdfd1zYxuXZZlW1VEo6HtQhKM=",
			"dev": true
		},
		"tiny-invariant": {
			"version": "1.1.0",
			"resolved": "https://registry.npmjs.org/tiny-invariant/-/tiny-invariant-1.1.0.tgz",
			"integrity": "sha512-ytxQvrb1cPc9WBEI/HSeYYoGD0kWnGEOR8RY6KomWLBVhqz0RgTwVO9dLrGz7dC+nN9llyI7OKAgRq8Vq4ZBSw=="
		},
		"tiny-warning": {
			"version": "1.0.3",
			"resolved": "https://registry.npmjs.org/tiny-warning/-/tiny-warning-1.0.3.tgz",
			"integrity": "sha512-lBN9zLN/oAf68o3zNXYrdCt1kP8WsiGW8Oo2ka41b2IM5JL/S1CTyX1rW0mb/zSuJun0ZUrDxx4sqvYS2FWzPA=="
		},
		"urix": {
			"version": "0.1.0",
			"resolved": "https://registry.npmjs.org/urix/-/urix-0.1.0.tgz",
			"integrity": "sha1-2pN/emLiH+wf0Y1Js1wpNQZ6bHI=",
			"dev": true
		},
		"value-equal": {
			"version": "1.0.1",
			"resolved": "https://registry.npmjs.org/value-equal/-/value-equal-1.0.1.tgz",
			"integrity": "sha512-NOJ6JZCAWr0zlxZt+xqCHNTEKOsrks2HQd4MqhP1qy4z1SkbEP467eNx6TgDKXMvUOb+OENfJCZwM+16n7fRfw=="
		},
		"void-elements": {
			"version": "2.0.1",
			"resolved": "https://registry.npmjs.org/void-elements/-/void-elements-2.0.1.tgz",
			"integrity": "sha1-wGavtYK7HLQSjWDqkjkulNXp2+w="
		}
	}
}
