{
	"name": "@akashaproject/design-system",
	"version": "0.1.0",
	"lockfileVersion": 1,
	"requires": true,
	"dependencies": {
		"@babel/runtime": {
			"version": "7.11.2",
			"resolved": "https://registry.npmjs.org/@babel/runtime/-/runtime-7.11.2.tgz",
			"integrity": "sha512-TeWkU52so0mPtDcaCTxNBI/IHiz0pZgr8VEFqXFtZWpYD08ZB6FaSwVAS8MKRQAP3bYKiVjwysOJgMFY28o6Tw==",
			"requires": {
				"regenerator-runtime": "^0.13.4"
			}
		},
		"@babel/runtime-corejs3": {
			"version": "7.11.2",
			"resolved": "https://registry.npmjs.org/@babel/runtime-corejs3/-/runtime-corejs3-7.11.2.tgz",
			"integrity": "sha512-qh5IR+8VgFz83VBa6OkaET6uN/mJOhHONuy3m1sgF0CV6mXdPSEBdA7e1eUbVvyNtANjMbg22JUv71BaDXLY6A==",
			"dev": true,
			"requires": {
				"core-js-pure": "^3.0.0",
				"regenerator-runtime": "^0.13.4"
			}
		},
		"@jest/types": {
			"version": "25.5.0",
			"resolved": "https://registry.npmjs.org/@jest/types/-/types-25.5.0.tgz",
			"integrity": "sha512-OXD0RgQ86Tu3MazKo8bnrkDRaDXXMGUqd+kTtLtK1Zb7CRzQcaSRPPPV37SvYTdevXEBVxe0HXylEjs8ibkmCw==",
			"dev": true,
			"requires": {
				"@types/istanbul-lib-coverage": "^2.0.0",
				"@types/istanbul-reports": "^1.1.1",
				"@types/yargs": "^15.0.0",
				"chalk": "^3.0.0"
			},
			"dependencies": {
				"ansi-styles": {
					"version": "4.2.1",
					"resolved": "https://registry.npmjs.org/ansi-styles/-/ansi-styles-4.2.1.tgz",
					"integrity": "sha512-9VGjrMsG1vePxcSweQsN20KY/c4zN0h9fLjqAbwbPfahM3t+NL+M9HC8xeXG2I8pX5NoamTGNuomEUFI7fcUjA==",
					"dev": true,
					"requires": {
						"@types/color-name": "^1.1.1",
						"color-convert": "^2.0.1"
					}
				},
				"chalk": {
					"version": "3.0.0",
					"resolved": "https://registry.npmjs.org/chalk/-/chalk-3.0.0.tgz",
					"integrity": "sha512-4D3B6Wf41KOYRFdszmDqMCGq5VV/uMAB273JILmO+3jAlh8X4qDtdtgCR3fxtbLEMzSx22QdhnDcJvu2u1fVwg==",
					"dev": true,
					"requires": {
						"ansi-styles": "^4.1.0",
						"supports-color": "^7.1.0"
					}
				},
				"color-convert": {
					"version": "2.0.1",
					"resolved": "https://registry.npmjs.org/color-convert/-/color-convert-2.0.1.tgz",
					"integrity": "sha512-RRECPsj7iu/xb5oKYcsFHSppFNnsj/52OVTRKb4zP5onXwVF3zVmmToNcOfGC+CRDpfK/U584fMg38ZHCaElKQ==",
					"dev": true,
					"requires": {
						"color-name": "~1.1.4"
					}
				},
				"color-name": {
					"version": "1.1.4",
					"resolved": "https://registry.npmjs.org/color-name/-/color-name-1.1.4.tgz",
					"integrity": "sha512-dOy+3AuW3a2wNbZHIuMZpTcgjGuLU/uBL/ubcZF9OXbDo8ff4O8yVp5Bf0efS8uEoYo5q4Fx7dY9OgQGXgAsQA==",
					"dev": true
				},
				"has-flag": {
					"version": "4.0.0",
					"resolved": "https://registry.npmjs.org/has-flag/-/has-flag-4.0.0.tgz",
					"integrity": "sha512-EykJT/Q1KjTWctppgIAgfSO0tKVuZUjhgMr17kqTumMl6Afv3EISleU7qZUzoXDFTAHTDC4NOoG/ZxU3EvlMPQ==",
					"dev": true
				},
				"supports-color": {
					"version": "7.1.0",
					"resolved": "https://registry.npmjs.org/supports-color/-/supports-color-7.1.0.tgz",
					"integrity": "sha512-oRSIpR8pxT1Wr2FquTNnGet79b3BWljqOuoW/h4oBhxJ/HUbX5nX6JSruTkvXDCFMwDPvsaTTbvMLKZWSy0R5g==",
					"dev": true,
					"requires": {
						"has-flag": "^4.0.0"
					}
				}
			}
		},
		"@testing-library/dom": {
			"version": "7.22.1",
			"resolved": "https://registry.npmjs.org/@testing-library/dom/-/dom-7.22.1.tgz",
			"integrity": "sha512-bEszhvj9LcspaRz56mqGV7uc+vJTAYKCKPJcGb5X6U1qBysgTAgCexQXvKZ3BBjWu5S/TANP2NniOVsMWqKXcw==",
			"dev": true,
			"requires": {
				"@babel/runtime": "^7.10.3",
				"@types/aria-query": "^4.2.0",
				"aria-query": "^4.2.2",
				"dom-accessibility-api": "^0.5.0",
				"pretty-format": "^25.5.0"
			}
		},
		"@testing-library/react": {
			"version": "10.4.8",
			"resolved": "https://registry.npmjs.org/@testing-library/react/-/react-10.4.8.tgz",
			"integrity": "sha512-clgpFR6QHiRRcdhFfAKDhH8UXpNASyfkkANhtCsCVBnai+O+mK1rGtMES+Apc7ql5Wyxu7j8dcLiC4pV5VblHA==",
			"dev": true,
			"requires": {
				"@babel/runtime": "^7.10.3",
				"@testing-library/dom": "^7.17.1"
			}
		},
		"@testing-library/react-hooks": {
			"version": "3.4.1",
			"resolved": "https://registry.npmjs.org/@testing-library/react-hooks/-/react-hooks-3.4.1.tgz",
			"integrity": "sha512-LbzvE7oKsVzuW1cxA/aOeNgeVvmHWG2p/WSzalIGyWuqZT3jVcNDT5KPEwy36sUYWde0Qsh32xqIUFXukeywXg==",
			"dev": true,
			"requires": {
				"@babel/runtime": "^7.5.4",
				"@types/testing-library__react-hooks": "^3.3.0"
			}
		},
		"@types/aria-query": {
			"version": "4.2.0",
			"resolved": "https://registry.npmjs.org/@types/aria-query/-/aria-query-4.2.0.tgz",
			"integrity": "sha512-iIgQNzCm0v7QMhhe4Jjn9uRh+I6GoPmt03CbEtwx3ao8/EfoQcmgtqH4vQ5Db/lxiIGaWDv6nwvunuh0RyX0+A==",
			"dev": true
		},
		"@types/classnames": {
			"version": "2.2.10",
			"resolved": "https://registry.npmjs.org/@types/classnames/-/classnames-2.2.10.tgz",
			"integrity": "sha512-1UzDldn9GfYYEsWWnn/P4wkTlkZDH7lDb0wBMGbtIQc9zXEQq7FlKBdZUn6OBqD8sKZZ2RQO2mAjGpXiDGoRmQ==",
			"dev": true
		},
		"@types/color-name": {
			"version": "1.1.1",
			"resolved": "https://registry.npmjs.org/@types/color-name/-/color-name-1.1.1.tgz",
			"integrity": "sha512-rr+OQyAjxze7GgWrSaJwydHStIhHq2lvY3BOC2Mj7KnzI7XK0Uw1TOOdI9lDoajEbSWLiYgoo4f1R51erQfhPQ==",
			"dev": true
		},
		"@types/d3-array": {
			"version": "2.0.0",
			"resolved": "https://registry.npmjs.org/@types/d3-array/-/d3-array-2.0.0.tgz",
			"integrity": "sha512-rGqfPVowNDTszSFvwoZIXvrPG7s/qKzm9piCRIH6xwTTRu7pPZ3ootULFnPkTt74B6i5lN0FpLQL24qGOw1uZA==",
			"dev": true
		},
		"@types/d3-path": {
			"version": "1.0.8",
			"resolved": "https://registry.npmjs.org/@types/d3-path/-/d3-path-1.0.8.tgz",
			"integrity": "sha512-AZGHWslq/oApTAHu9+yH/Bnk63y9oFOMROtqPAtxl5uB6qm1x2lueWdVEjsjjV3Qc2+QfuzKIwIR5MvVBakfzA==",
			"dev": true
		},
		"@types/d3-scale": {
			"version": "2.2.0",
			"resolved": "https://registry.npmjs.org/@types/d3-scale/-/d3-scale-2.2.0.tgz",
			"integrity": "sha512-oQFanN0/PiR2oySHfj+zAAkK1/p4LD32Nt1TMVmzk+bYHk7vgIg/iTXQWitp1cIkDw4LMdcgvO63wL+mNs47YA==",
			"dev": true,
			"requires": {
				"@types/d3-time": "*"
			}
		},
		"@types/d3-shape": {
			"version": "1.3.2",
			"resolved": "https://registry.npmjs.org/@types/d3-shape/-/d3-shape-1.3.2.tgz",
			"integrity": "sha512-LtD8EaNYCaBRzHzaAiIPrfcL3DdIysc81dkGlQvv7WQP3+YXV7b0JJTtR1U3bzeRieS603KF4wUo+ZkJVenh8w==",
			"dev": true,
			"requires": {
				"@types/d3-path": "*"
			}
		},
		"@types/d3-time": {
			"version": "1.0.10",
			"resolved": "https://registry.npmjs.org/@types/d3-time/-/d3-time-1.0.10.tgz",
			"integrity": "sha512-aKf62rRQafDQmSiv1NylKhIMmznsjRN+MnXRXTqHoqm0U/UZzVpdrtRnSIfdiLS616OuC1soYeX1dBg2n1u8Xw==",
			"dev": true
		},
		"@types/esrever": {
			"version": "0.2.0",
			"resolved": "https://registry.npmjs.org/@types/esrever/-/esrever-0.2.0.tgz",
			"integrity": "sha512-5NI6TeGzVEy/iBcuYtcPzzIC6EqlfQ2+UZ54vT0ulq8bPNGAy8UJD+XcsAyEOcnYFUjOVWuUV+k4/rVkxt9/XQ==",
			"dev": true
		},
		"@types/hoist-non-react-statics": {
			"version": "3.3.1",
			"resolved": "https://registry.npmjs.org/@types/hoist-non-react-statics/-/hoist-non-react-statics-3.3.1.tgz",
			"integrity": "sha512-iMIqiko6ooLrTh1joXodJK5X9xeEALT1kM5G3ZLhD3hszxBdIEd5C75U834D9mLcINgD4OyZf5uQXjkuYydWvA==",
			"dev": true,
			"requires": {
				"@types/react": "*",
				"hoist-non-react-statics": "^3.3.0"
			}
		},
		"@types/is-hotkey": {
			"version": "0.1.1",
			"resolved": "https://registry.npmjs.org/@types/is-hotkey/-/is-hotkey-0.1.1.tgz",
			"integrity": "sha512-QzVKww91fJv/KzARJBS/Im5GS2A8iE64E1HxOed72EmYOvPLG4PBw77QCIUjFl7VwWB3G/SVrxsHedJD/wtn1A==",
			"dev": true
		},
		"@types/istanbul-lib-coverage": {
			"version": "2.0.3",
			"resolved": "https://registry.npmjs.org/@types/istanbul-lib-coverage/-/istanbul-lib-coverage-2.0.3.tgz",
			"integrity": "sha512-sz7iLqvVUg1gIedBOvlkxPlc8/uVzyS5OwGz1cKjXzkl3FpL3al0crU8YGU1WoHkxn0Wxbw5tyi6hvzJKNzFsw==",
			"dev": true
		},
		"@types/istanbul-lib-report": {
			"version": "3.0.0",
			"resolved": "https://registry.npmjs.org/@types/istanbul-lib-report/-/istanbul-lib-report-3.0.0.tgz",
			"integrity": "sha512-plGgXAPfVKFoYfa9NpYDAkseG+g6Jr294RqeqcqDixSbU34MZVJRi/P+7Y8GDpzkEwLaGZZOpKIEmeVZNtKsrg==",
			"dev": true,
			"requires": {
				"@types/istanbul-lib-coverage": "*"
			}
		},
		"@types/istanbul-reports": {
			"version": "1.1.2",
			"resolved": "https://registry.npmjs.org/@types/istanbul-reports/-/istanbul-reports-1.1.2.tgz",
			"integrity": "sha512-P/W9yOX/3oPZSpaYOCQzGqgCQRXn0FFO/V8bWrCQs+wLmvVVxk6CRBXALEvNs9OHIatlnlFokfhuDo2ug01ciw==",
			"dev": true,
			"requires": {
				"@types/istanbul-lib-coverage": "*",
				"@types/istanbul-lib-report": "*"
			}
		},
		"@types/jest": {
			"version": "26.0.9",
			"resolved": "https://registry.npmjs.org/@types/jest/-/jest-26.0.9.tgz",
			"integrity": "sha512-k4qFfJ5AUKrWok5KYXp2EPm89b0P/KZpl7Vg4XuOTVVQEhLDBDBU3iBFrjjdgd8fLw96aAtmnwhXHl63bWeBQQ==",
			"dev": true,
			"requires": {
				"jest-diff": "^25.2.1",
				"pretty-format": "^25.2.1"
			}
		},
		"@types/lodash": {
			"version": "4.14.150",
			"resolved": "https://registry.npmjs.org/@types/lodash/-/lodash-4.14.150.tgz",
			"integrity": "sha512-kMNLM5JBcasgYscD9x/Gvr6lTAv2NVgsKtet/hm93qMyf/D1pt+7jeEZklKJKxMVmXjxbRVQQGfqDSfipYCO6w==",
			"dev": true
		},
		"@types/lodash.throttle": {
			"version": "4.1.6",
			"resolved": "https://registry.npmjs.org/@types/lodash.throttle/-/lodash.throttle-4.1.6.tgz",
			"integrity": "sha512-/UIH96i/sIRYGC60NoY72jGkCJtFN5KVPhEMMMTjol65effe1gPn0tycJqV5tlSwMTzX8FqzB5yAj0rfGHTPNg==",
			"dev": true,
			"requires": {
				"@types/lodash": "*"
			}
		},
		"@types/node": {
			"version": "14.0.27",
			"resolved": "https://registry.npmjs.org/@types/node/-/node-14.0.27.tgz",
			"integrity": "sha512-kVrqXhbclHNHGu9ztnAwSncIgJv/FaxmzXJvGXNdcCpV1b8u1/Mi6z6m0vwy0LzKeXFTPLH0NzwmoJ3fNCIq0g==",
			"dev": true
		},
		"@types/prop-types": {
			"version": "15.7.3",
			"resolved": "https://registry.npmjs.org/@types/prop-types/-/prop-types-15.7.3.tgz",
			"integrity": "sha512-KfRL3PuHmqQLOG+2tGpRO26Ctg+Cq1E01D2DMriKEATHgWLfeNDmq9e29Q9WIky0dQ3NPkd1mzYH8Lm936Z9qw==",
			"dev": true
		},
		"@types/react": {
			"version": "16.9.46",
			"resolved": "https://registry.npmjs.org/@types/react/-/react-16.9.46.tgz",
			"integrity": "sha512-dbHzO3aAq1lB3jRQuNpuZ/mnu+CdD3H0WVaaBQA8LTT3S33xhVBUj232T8M3tAhSWJs/D/UqORYUlJNl/8VQZg==",
			"dev": true,
			"requires": {
				"@types/prop-types": "*",
				"csstype": "^3.0.2"
			}
		},
		"@types/react-dom": {
			"version": "16.9.8",
			"resolved": "https://registry.npmjs.org/@types/react-dom/-/react-dom-16.9.8.tgz",
			"integrity": "sha512-ykkPQ+5nFknnlU6lDd947WbQ6TE3NNzbQAkInC2EKY1qeYdTKp7onFusmYZb+ityzx2YviqT6BXSu+LyWWJwcA==",
			"dev": true,
			"requires": {
				"@types/react": "*"
			}
		},
		"@types/react-helmet": {
			"version": "5.0.15",
			"resolved": "https://registry.npmjs.org/@types/react-helmet/-/react-helmet-5.0.15.tgz",
			"integrity": "sha512-CCjqvecDJTXRrHG8aTc2YECcQCl26za/q+NaBRvy/wtm0Uh38koM2dpv2bG1xJV4ckz3t1lm2/5KU6nt2s9BWg==",
			"dev": true,
			"requires": {
				"@types/react": "*"
			}
		},
		"@types/react-native": {
			"version": "0.63.7",
			"resolved": "https://registry.npmjs.org/@types/react-native/-/react-native-0.63.7.tgz",
			"integrity": "sha512-TrtH69+HuWVxTERhoDDP2YtpznfH/Ra3/Fu2dCrssy+CkBZjvDlEESfWiAJWlOto3QtUzkTA7RT/S2jrO4WKkw==",
			"dev": true,
			"requires": {
				"@types/react": "*"
			}
		},
		"@types/react-test-renderer": {
			"version": "16.9.3",
			"resolved": "https://registry.npmjs.org/@types/react-test-renderer/-/react-test-renderer-16.9.3.tgz",
			"integrity": "sha512-wJ7IlN5NI82XMLOyHSa+cNN4Z0I+8/YaLl04uDgcZ+W+ExWCmCiVTLT/7fRNqzy4OhStZcUwIqLNF7q+AdW43Q==",
			"dev": true,
			"requires": {
				"@types/react": "*"
			}
		},
		"@types/react-virtualized-auto-sizer": {
			"version": "1.0.0",
			"resolved": "https://registry.npmjs.org/@types/react-virtualized-auto-sizer/-/react-virtualized-auto-sizer-1.0.0.tgz",
			"integrity": "sha512-NMErdIdSnm2j/7IqMteRiRvRulpjoELnXWUwdbucYCz84xG9PHcoOrr7QfXwB/ku7wd6egiKFrzt/+QK4Imeeg==",
			"dev": true,
			"requires": {
				"@types/react": "*"
			}
		},
		"@types/slate": {
			"version": "0.47.7",
			"resolved": "https://registry.npmjs.org/@types/slate/-/slate-0.47.7.tgz",
			"integrity": "sha512-Vy4E9lOKGFc5msZMwLWtVN9nrGYsdk6S7jXdC0Wf26UoMqJCS3yzXbNoFILSoCh7fq57ftJZrM6+8kkC/yT+LA==",
			"dev": true,
			"requires": {
				"@types/react": "*",
				"immutable": "^3.8.2"
			}
		},
		"@types/slate-react": {
			"version": "0.22.9",
			"resolved": "https://registry.npmjs.org/@types/slate-react/-/slate-react-0.22.9.tgz",
			"integrity": "sha512-x8u/mpQhxmzxlwGzM1GLsGMTSRtNO7yjtoqo23k5nZzPrz5iuUdtmtlmxjHzl2x3hBE7KQUDn5JhyuUSBLtxVQ==",
			"dev": true,
			"requires": {
				"@types/react": "*",
				"@types/slate": "*",
				"immutable": "^3.8.2"
			}
		},
		"@types/styled-components": {
			"version": "5.1.2",
			"resolved": "https://registry.npmjs.org/@types/styled-components/-/styled-components-5.1.2.tgz",
			"integrity": "sha512-HNocYLfrsnNNm8NTS/W53OERSjRA8dx5Bn6wBd2rXXwt4Z3s+oqvY6/PbVt3e6sgtzI63GX//WiWiRhWur08qQ==",
			"dev": true,
			"requires": {
				"@types/hoist-non-react-statics": "*",
				"@types/react": "*",
				"@types/react-native": "*",
				"csstype": "^3.0.2"
			}
		},
		"@types/testing-library__react-hooks": {
			"version": "3.4.0",
			"resolved": "https://registry.npmjs.org/@types/testing-library__react-hooks/-/testing-library__react-hooks-3.4.0.tgz",
			"integrity": "sha512-QYLZipqt1hpwYsBU63Ssa557v5wWbncqL36No59LI7W3nCMYKrLWTnYGn2griZ6v/3n5nKXNYkTeYpqPHY7Ukg==",
			"dev": true,
			"requires": {
				"@types/react-test-renderer": "*"
			}
		},
		"@types/yargs": {
			"version": "15.0.5",
			"resolved": "https://registry.npmjs.org/@types/yargs/-/yargs-15.0.5.tgz",
			"integrity": "sha512-Dk/IDOPtOgubt/IaevIUbTgV7doaKkoorvOyYM2CMwuDyP89bekI7H4xLIwunNYiK9jhCkmc6pUrJk3cj2AB9w==",
			"dev": true,
			"requires": {
				"@types/yargs-parser": "*"
			}
		},
		"@types/yargs-parser": {
			"version": "15.0.0",
			"resolved": "https://registry.npmjs.org/@types/yargs-parser/-/yargs-parser-15.0.0.tgz",
			"integrity": "sha512-FA/BWv8t8ZWJ+gEOnLLd8ygxH/2UFbAvgEonyfN6yWGLKc7zVjbpl2Y4CTjid9h2RfgPP6SEt6uHwEOply00yw==",
			"dev": true
		},
		"@vx/axis": {
			"version": "0.0.198",
			"resolved": "https://registry.npmjs.org/@vx/axis/-/axis-0.0.198.tgz",
			"integrity": "sha512-XqHzGOBgkJD8gR1g9F7uOhT4Sjlwpl/H3xLehtDooRmKf3J0hy8C7L5rCgh7n8ARi+vYg+3A1zUo0JBIO5k4PQ==",
			"dev": true,
			"requires": {
				"@types/classnames": "^2.2.9",
				"@types/react": "*",
				"@vx/group": "0.0.198",
				"@vx/point": "0.0.198",
				"@vx/shape": "0.0.198",
				"@vx/text": "0.0.198",
				"classnames": "^2.2.5",
				"prop-types": "^15.6.0"
			}
		},
		"@vx/bounds": {
			"version": "0.0.198",
			"resolved": "https://registry.npmjs.org/@vx/bounds/-/bounds-0.0.198.tgz",
			"integrity": "sha512-C74IvYN3rUP3ADD7pH1XV+Pb3JSa8/OBYcoeeQin/anSohPcqulypzmk4YcaAo+JzBcv3Sy9ffYePz3mjGJrSg==",
			"dev": true,
			"requires": {
				"@types/react": "*",
				"@types/react-dom": "*",
				"prop-types": "^15.5.10"
			}
		},
		"@vx/curve": {
			"version": "0.0.198",
			"resolved": "https://registry.npmjs.org/@vx/curve/-/curve-0.0.198.tgz",
			"integrity": "sha512-ZINtD0t5eLu3bEeaOWZxGXrHK5WCbGoxDdou7yPWD6xg8kpTD4/Vq0adRFNCxS1TZUlUjCJ2KqY2PmewO+Hdcw==",
			"dev": true,
			"requires": {
				"@types/d3-shape": "^1.3.1",
				"d3-shape": "^1.0.6"
			}
		},
		"@vx/event": {
			"version": "0.0.198",
			"resolved": "https://registry.npmjs.org/@vx/event/-/event-0.0.198.tgz",
			"integrity": "sha512-qGozMiT4ZhvaeIbchPpZdlNucmBSYQeMq5uSMEim/HZ0ZbRAggPPTEd+/9G0QvvNJYwzTbGQlmFpAUic+EHKQQ==",
			"dev": true,
			"requires": {
				"@types/react": "*",
				"@vx/point": "0.0.198"
			}
		},
		"@vx/grid": {
			"version": "0.0.198",
			"resolved": "https://registry.npmjs.org/@vx/grid/-/grid-0.0.198.tgz",
			"integrity": "sha512-aggsG3Ne0zs40W8vLZElJVn0QWc6xt/oYWfTMw6KPyyoyQcGEUS9usYxCPQ4VGKitnskTKm3Sv52e6Ymcf+gGw==",
			"dev": true,
			"requires": {
				"@types/classnames": "^2.2.9",
				"@types/react": "*",
				"@vx/group": "0.0.198",
				"@vx/point": "0.0.198",
				"@vx/shape": "0.0.198",
				"classnames": "^2.2.5",
				"prop-types": "^15.6.2"
			}
		},
		"@vx/group": {
			"version": "0.0.198",
			"resolved": "https://registry.npmjs.org/@vx/group/-/group-0.0.198.tgz",
			"integrity": "sha512-0PivE+fWZlPkSzFO/is5m4VSSv3pg+sS1yxYAZHbNffUvn472WDWptriHvoUIPQe0lOXhTSrc73UQzew9GtW/g==",
			"dev": true,
			"requires": {
				"@types/classnames": "^2.2.9",
				"@types/react": "*",
				"classnames": "^2.2.5",
				"prop-types": "^15.6.2"
			}
		},
		"@vx/point": {
			"version": "0.0.198",
			"resolved": "https://registry.npmjs.org/@vx/point/-/point-0.0.198.tgz",
			"integrity": "sha512-oFlw8uBLf4JDX7OJc+7eQXcnlLszdQgEs531u0t6HNpARQY/jTeeMLVUlp8sNF0XBOC+iVHU8Qe8TJdz/ONBAA==",
			"dev": true
		},
		"@vx/responsive": {
			"version": "0.0.198",
			"resolved": "https://registry.npmjs.org/@vx/responsive/-/responsive-0.0.198.tgz",
			"integrity": "sha512-+tdDnsHq5CXdhxUNHoUkf2u4EQDyNMIVNUbCudkDnWAr3sAnl4a4FWnxrsAIWoGJMXox/oG7VJjrPRm73ZAbkg==",
			"dev": true,
			"requires": {
				"@types/lodash": "^4.14.146",
				"@types/react": "*",
				"lodash": "^4.17.10",
				"prop-types": "^15.6.1",
				"resize-observer-polyfill": "1.5.1"
			}
		},
		"@vx/scale": {
			"version": "0.0.198",
			"resolved": "https://registry.npmjs.org/@vx/scale/-/scale-0.0.198.tgz",
			"integrity": "sha512-JsicLyZX0trdKAI4r3pgsJ3+dCjWRD6o4rE230lFYEZpIFGBZde8RDQfuLzdrjcwbVDb84XmoGuJhJ6+j01qFQ==",
			"dev": true,
			"requires": {
				"@types/d3-scale": "^2.1.1",
				"d3-scale": "^2.2.2"
			}
		},
		"@vx/shape": {
			"version": "0.0.198",
			"resolved": "https://registry.npmjs.org/@vx/shape/-/shape-0.0.198.tgz",
			"integrity": "sha512-3Ky2PlSXYmh/Wt+tT4OBmsLpTe8Vu5pZ1EwbMQ0H/NNl6d4BsNqBUzr++0WC/kLsuNs5NENDvG77N9u2ztMrYA==",
			"dev": true,
			"requires": {
				"@types/classnames": "^2.2.9",
				"@types/d3-path": "^1.0.8",
				"@types/d3-shape": "^1.3.1",
				"@types/react": "*",
				"@vx/curve": "0.0.198",
				"@vx/group": "0.0.198",
				"classnames": "^2.2.5",
				"d3-path": "^1.0.5",
				"d3-shape": "^1.2.0",
				"prop-types": "^15.5.10"
			}
		},
		"@vx/text": {
			"version": "0.0.198",
			"resolved": "https://registry.npmjs.org/@vx/text/-/text-0.0.198.tgz",
			"integrity": "sha512-MZhLeIhjbPlAeq+heUFXzrAztkjpfhAjeg+RXDg1dTJTtkbBD0w1bwadSPHuC7Rzj6yNQChzVDYl51dO/k4ExQ==",
			"dev": true,
			"requires": {
				"@types/classnames": "^2.2.9",
				"@types/lodash": "^4.14.146",
				"@types/react": "*",
				"classnames": "^2.2.5",
				"lodash": "^4.17.15",
				"prop-types": "^15.7.2",
				"reduce-css-calc": "^1.3.0"
			}
		},
		"@vx/tooltip": {
			"version": "0.0.198",
			"resolved": "https://registry.npmjs.org/@vx/tooltip/-/tooltip-0.0.198.tgz",
			"integrity": "sha512-hqqWJCK4A5nZ6/2C3oTohcraLOLBLUkCc1xbwypZkmZKBdZ5BNvGuQCWMSYyk/Aa59XtFalI+NbU6U8y8o1Svg==",
			"dev": true,
			"requires": {
				"@types/classnames": "^2.2.9",
				"@types/react": "*",
				"@vx/bounds": "0.0.198",
				"classnames": "^2.2.5",
				"prop-types": "^15.5.10",
				"react-use-measure": "2.0.1"
			}
		},
		"ansi-regex": {
			"version": "5.0.0",
			"resolved": "https://registry.npmjs.org/ansi-regex/-/ansi-regex-5.0.0.tgz",
			"integrity": "sha512-bY6fj56OUQ0hU1KjFNDQuJFezqKdrAyFdIevADiqrWHwSlbmBNMHp5ak2f40Pm8JTFyM2mqxkG6ngkHO11f/lg==",
			"dev": true
		},
		"aria-query": {
			"version": "4.2.2",
			"resolved": "https://registry.npmjs.org/aria-query/-/aria-query-4.2.2.tgz",
			"integrity": "sha512-o/HelwhuKpTj/frsOsbNLNgnNGVIFsVP/SW2BSF14gVl7kAfMOJ6/8wUAUvG1R1NHKrfG+2sHZTu0yauT1qBrA==",
			"dev": true,
			"requires": {
				"@babel/runtime": "^7.10.2",
				"@babel/runtime-corejs3": "^7.10.2"
			}
		},
		"balanced-match": {
			"version": "0.4.2",
			"resolved": "https://registry.npmjs.org/balanced-match/-/balanced-match-0.4.2.tgz",
			"integrity": "sha1-yz8+PHMtwPAe5wtAPzAuYddwmDg=",
			"dev": true
		},
		"classnames": {
			"version": "2.2.6",
			"resolved": "https://registry.npmjs.org/classnames/-/classnames-2.2.6.tgz",
			"integrity": "sha512-JR/iSQOSt+LQIWwrwEzJ9uk0xfN3mTVYMwt1Ir5mUcSN6pU+V4zQFFaJsclJbPuAUQH+yfWef6tm7l1quW3C8Q=="
		},
		"compute-scroll-into-view": {
			"version": "1.0.14",
			"resolved": "https://registry.npmjs.org/compute-scroll-into-view/-/compute-scroll-into-view-1.0.14.tgz",
			"integrity": "sha512-mKDjINe3tc6hGelUMNDzuhorIUZ7kS7BwyY0r2wQd2HOH2tRuJykiC06iSEX8y1TuhNzvz4GcJnK16mM2J1NMQ==",
			"dev": true
		},
		"core-js-pure": {
			"version": "3.6.5",
			"resolved": "https://registry.npmjs.org/core-js-pure/-/core-js-pure-3.6.5.tgz",
			"integrity": "sha512-lacdXOimsiD0QyNf9BC/mxivNJ/ybBGJXQFKzRekp1WTHoVUWsUHEn+2T8GJAzzIhyOuXA+gOxCVN3l+5PLPUA==",
			"dev": true
		},
		"csstype": {
			"version": "3.0.2",
			"resolved": "https://registry.npmjs.org/csstype/-/csstype-3.0.2.tgz",
			"integrity": "sha512-ofovWglpqoqbfLNOTBNZLSbMuGrblAf1efvvArGKOZMBrIoJeu5UsAipQolkijtyQx5MtAzT/J9IHj/CEY1mJw==",
			"dev": true
		},
		"d3-array": {
			"version": "2.5.0",
			"resolved": "https://registry.npmjs.org/d3-array/-/d3-array-2.5.0.tgz",
			"integrity": "sha512-U+CrYn19GmiKeI9qU1RLV1p5ZodBKXw64k9Z3Id6d11LLuZ4JdyCnMT6W/2b84bvqEMFU15zg/JC3/oRYTanVg==",
			"dev": true
		},
		"d3-collection": {
			"version": "1.0.7",
			"resolved": "https://registry.npmjs.org/d3-collection/-/d3-collection-1.0.7.tgz",
			"integrity": "sha512-ii0/r5f4sjKNTfh84Di+DpztYwqKhEyUlKoPrzUFfeSkWxjW49xU2QzO9qrPrNkpdI0XJkfzvmTu8V2Zylln6A==",
			"dev": true
		},
		"d3-color": {
			"version": "1.4.1",
			"resolved": "https://registry.npmjs.org/d3-color/-/d3-color-1.4.1.tgz",
			"integrity": "sha512-p2sTHSLCJI2QKunbGb7ocOh7DgTAn8IrLx21QRc/BSnodXM4sv6aLQlnfpvehFMLZEfBc6g9pH9SWQccFYfJ9Q==",
			"dev": true
		},
		"d3-format": {
			"version": "1.4.4",
			"resolved": "https://registry.npmjs.org/d3-format/-/d3-format-1.4.4.tgz",
			"integrity": "sha512-TWks25e7t8/cqctxCmxpUuzZN11QxIA7YrMbram94zMQ0PXjE4LVIMe/f6a4+xxL8HQ3OsAFULOINQi1pE62Aw==",
			"dev": true
		},
		"d3-interpolate": {
			"version": "1.4.0",
			"resolved": "https://registry.npmjs.org/d3-interpolate/-/d3-interpolate-1.4.0.tgz",
			"integrity": "sha512-V9znK0zc3jOPV4VD2zZn0sDhZU3WAE2bmlxdIwwQPPzPjvyLkd8B3JUVdS1IDUFDkWZ72c9qnv1GK2ZagTZ8EA==",
			"dev": true,
			"requires": {
				"d3-color": "1"
			}
		},
		"d3-path": {
			"version": "1.0.9",
			"resolved": "https://registry.npmjs.org/d3-path/-/d3-path-1.0.9.tgz",
			"integrity": "sha512-VLaYcn81dtHVTjEHd8B+pbe9yHWpXKZUC87PzoFmsFrJqgFwDe/qxfp5MlfsfM1V5E/iVt0MmEbWQ7FVIXh/bg==",
			"dev": true
		},
		"d3-scale": {
			"version": "2.2.2",
			"resolved": "https://registry.npmjs.org/d3-scale/-/d3-scale-2.2.2.tgz",
			"integrity": "sha512-LbeEvGgIb8UMcAa0EATLNX0lelKWGYDQiPdHj+gLblGVhGLyNbaCn3EvrJf0A3Y/uOOU5aD6MTh5ZFCdEwGiCw==",
			"dev": true,
			"requires": {
				"d3-array": "^1.2.0",
				"d3-collection": "1",
				"d3-format": "1",
				"d3-interpolate": "1",
				"d3-time": "1",
				"d3-time-format": "2"
			},
			"dependencies": {
				"d3-array": {
					"version": "1.2.4",
					"resolved": "https://registry.npmjs.org/d3-array/-/d3-array-1.2.4.tgz",
					"integrity": "sha512-KHW6M86R+FUPYGb3R5XiYjXPq7VzwxZ22buHhAEVG5ztoEcZZMLov530mmccaqA1GghZArjQV46fuc8kUqhhHw==",
					"dev": true
				}
			}
		},
		"d3-shape": {
			"version": "1.3.7",
			"resolved": "https://registry.npmjs.org/d3-shape/-/d3-shape-1.3.7.tgz",
			"integrity": "sha512-EUkvKjqPFUAZyOlhY5gzCxCeI0Aep04LwIRpsZ/mLFelJiUfnK56jo5JMDSE7yyP2kLSb6LtF+S5chMk7uqPqw==",
			"dev": true,
			"requires": {
				"d3-path": "1"
			}
		},
		"d3-time": {
			"version": "1.1.0",
			"resolved": "https://registry.npmjs.org/d3-time/-/d3-time-1.1.0.tgz",
			"integrity": "sha512-Xh0isrZ5rPYYdqhAVk8VLnMEidhz5aP7htAADH6MfzgmmicPkTo8LhkLxci61/lCB7n7UmE3bN0leRt+qvkLxA==",
			"dev": true
		},
		"d3-time-format": {
			"version": "2.2.3",
			"resolved": "https://registry.npmjs.org/d3-time-format/-/d3-time-format-2.2.3.tgz",
			"integrity": "sha512-RAHNnD8+XvC4Zc4d2A56Uw0yJoM7bsvOlJR33bclxq399Rak/b9bhvu/InjxdWhPtkgU53JJcleJTGkNRnN6IA==",
			"dev": true,
			"requires": {
				"d3-time": "1"
			}
		},
		"dayjs": {
			"version": "1.8.33",
			"resolved": "https://registry.npmjs.org/dayjs/-/dayjs-1.8.33.tgz",
			"integrity": "sha512-881TDLZCdpJFKbraWRHcUG8zfMLLX400ENf9rFZDuWc5zYMss6xifo2PhlDX0ftOmR2NRmaIY47bAa4gKQfXqw==",
			"dev": true
		},
		"debounce": {
			"version": "1.2.0",
			"resolved": "https://registry.npmjs.org/debounce/-/debounce-1.2.0.tgz",
			"integrity": "sha512-mYtLl1xfZLi1m4RtQYlZgJUNQjl4ZxVnHzIR8nLLgi4q1YT8o/WM+MK/f8yfcc9s5Ir5zRaPZyZU6xs1Syoocg==",
			"dev": true
		},
		"diff-sequences": {
			"version": "25.2.6",
			"resolved": "https://registry.npmjs.org/diff-sequences/-/diff-sequences-25.2.6.tgz",
			"integrity": "sha512-Hq8o7+6GaZeoFjtpgvRBUknSXNeJiCx7V9Fr94ZMljNiCr9n9L8H8aJqgWOQiDDGdyn29fRNcDdRVJ5fdyihfg==",
			"dev": true
		},
		"direction": {
			"version": "1.0.4",
			"resolved": "https://registry.npmjs.org/direction/-/direction-1.0.4.tgz",
			"integrity": "sha512-GYqKi1aH7PJXxdhTeZBFrg8vUBeKXi+cNprXsC1kpJcbcVnV9wBsrOu1cQEdG0WeQwlfHiy3XvnKfIrJ2R0NzQ==",
			"dev": true
		},
		"dom-accessibility-api": {
			"version": "0.5.0",
			"resolved": "https://registry.npmjs.org/dom-accessibility-api/-/dom-accessibility-api-0.5.0.tgz",
			"integrity": "sha512-eCVf9n4Ni5UQAFc2+fqfMPHdtiX7DA0rLakXgNBZfXNJzEbNo3MQIYd+zdYpFBqAaGYVrkd8leNSLGPrG4ODmA==",
			"dev": true
		},
		"dom-helpers": {
			"version": "5.2.0",
			"resolved": "https://registry.npmjs.org/dom-helpers/-/dom-helpers-5.2.0.tgz",
			"integrity": "sha512-Ru5o9+V8CpunKnz5LGgWXkmrH/20cGKwcHwS4m73zIvs54CN9epEmT/HLqFJW3kXpakAFkEdzgy1hzlJe3E4OQ==",
			"dev": true,
			"requires": {
				"@babel/runtime": "^7.8.7",
				"csstype": "^3.0.2"
			}
		},
		"esrever": {
			"version": "0.2.0",
			"resolved": "https://registry.npmjs.org/esrever/-/esrever-0.2.0.tgz",
			"integrity": "sha1-lunSj08bGnZ4TNXUkOquAQ50B7g=",
			"dev": true
		},
		"grommet": {
			"version": "2.14.0",
			"resolved": "https://registry.npmjs.org/grommet/-/grommet-2.14.0.tgz",
			"integrity": "sha512-G/LTkr+uFri4NUNQGJMx8TtWWe9+KSpIHCXC9WgRaICI73R3+BvhLSNSzWMQ6YIQC+7PJFtruebeWjdUqR3Ykw==",
			"requires": {
				"grommet-icons": "^4.2.0",
				"hoist-non-react-statics": "^3.2.0",
				"markdown-to-jsx": "^6.11.4",
				"polished": "^3.4.1",
				"prop-types": "^15.7.2",
				"react-desc": "^4.1.2"
			}
		},
		"grommet-icons": {
			"version": "4.4.0",
			"resolved": "https://registry.npmjs.org/grommet-icons/-/grommet-icons-4.4.0.tgz",
			"integrity": "sha512-uOc3rsgIBVOm/iuN8dj2lKuBq0uhIPYxH84zDoY0jrJZLjcVH1bHUQLlv0R/e9oB/pCFYEBse1mnvps+f3ylmw==",
			"requires": {
				"grommet-styles": "^0.2.0"
			}
		},
		"grommet-styles": {
			"version": "0.2.0",
			"resolved": "https://registry.npmjs.org/grommet-styles/-/grommet-styles-0.2.0.tgz",
			"integrity": "sha512-0OMSYuGeyifYKpg4Gv2HzL8rUdd0ddnJ5LbCBKgDuloC71XIwr9g/Fxa6rs737MbPV7OZ4pEm4wvrjH4epzf1A=="
		},
		"hoist-non-react-statics": {
			"version": "3.3.2",
			"resolved": "https://registry.npmjs.org/hoist-non-react-statics/-/hoist-non-react-statics-3.3.2.tgz",
			"integrity": "sha512-/gGivxi8JPKWNm/W0jSmzcMPpfpPLc3dY/6GxhX2hQ9iGj3aDfklV4ET7NjKpSinLpJ5vafa9iiGIEZg10SfBw==",
			"requires": {
				"react-is": "^16.7.0"
			}
		},
		"immer": {
			"version": "5.3.6",
			"resolved": "https://registry.npmjs.org/immer/-/immer-5.3.6.tgz",
			"integrity": "sha512-pqWQ6ozVfNOUDjrLfm4Pt7q4Q12cGw2HUZgry4Q5+Myxu9nmHRkWBpI0J4+MK0AxbdFtdMTwEGVl7Vd+vEiK+A==",
			"dev": true
		},
		"immutable": {
			"version": "3.8.2",
			"resolved": "https://registry.npmjs.org/immutable/-/immutable-3.8.2.tgz",
			"integrity": "sha1-wkOZUUVbs5kT2vKBN28VMOEErfM=",
			"dev": true
		},
		"is-hotkey": {
			"version": "0.1.6",
			"resolved": "https://registry.npmjs.org/is-hotkey/-/is-hotkey-0.1.6.tgz",
			"integrity": "sha512-1+hMr0GLPM0M49UDRt9RgE8i+SM29UY4AGRP6sGz6fThOVXqSrEvTMakolhHMcVizJnPNAoMpEmE+Oi1k2NrZQ==",
			"dev": true
		},
		"is-plain-object": {
			"version": "3.0.1",
			"resolved": "https://registry.npmjs.org/is-plain-object/-/is-plain-object-3.0.1.tgz",
			"integrity": "sha512-Xnpx182SBMrr/aBik8y+GuR4U1L9FqMSojwDQwPMmxyC6bvEqly9UBCxhauBF5vNh2gwWJNX6oDV7O+OM4z34g==",
			"dev": true
		},
		"jest-diff": {
			"version": "25.5.0",
			"resolved": "https://registry.npmjs.org/jest-diff/-/jest-diff-25.5.0.tgz",
			"integrity": "sha512-z1kygetuPiREYdNIumRpAHY6RXiGmp70YHptjdaxTWGmA085W3iCnXNx0DhflK3vwrKmrRWyY1wUpkPMVxMK7A==",
			"dev": true,
			"requires": {
				"chalk": "^3.0.0",
				"diff-sequences": "^25.2.6",
				"jest-get-type": "^25.2.6",
				"pretty-format": "^25.5.0"
			},
			"dependencies": {
				"ansi-styles": {
					"version": "4.2.1",
					"resolved": "https://registry.npmjs.org/ansi-styles/-/ansi-styles-4.2.1.tgz",
					"integrity": "sha512-9VGjrMsG1vePxcSweQsN20KY/c4zN0h9fLjqAbwbPfahM3t+NL+M9HC8xeXG2I8pX5NoamTGNuomEUFI7fcUjA==",
					"dev": true,
					"requires": {
						"@types/color-name": "^1.1.1",
						"color-convert": "^2.0.1"
					}
				},
				"chalk": {
					"version": "3.0.0",
					"resolved": "https://registry.npmjs.org/chalk/-/chalk-3.0.0.tgz",
					"integrity": "sha512-4D3B6Wf41KOYRFdszmDqMCGq5VV/uMAB273JILmO+3jAlh8X4qDtdtgCR3fxtbLEMzSx22QdhnDcJvu2u1fVwg==",
					"dev": true,
					"requires": {
						"ansi-styles": "^4.1.0",
						"supports-color": "^7.1.0"
					}
				},
				"color-convert": {
					"version": "2.0.1",
					"resolved": "https://registry.npmjs.org/color-convert/-/color-convert-2.0.1.tgz",
					"integrity": "sha512-RRECPsj7iu/xb5oKYcsFHSppFNnsj/52OVTRKb4zP5onXwVF3zVmmToNcOfGC+CRDpfK/U584fMg38ZHCaElKQ==",
					"dev": true,
					"requires": {
						"color-name": "~1.1.4"
					}
				},
				"color-name": {
					"version": "1.1.4",
					"resolved": "https://registry.npmjs.org/color-name/-/color-name-1.1.4.tgz",
					"integrity": "sha512-dOy+3AuW3a2wNbZHIuMZpTcgjGuLU/uBL/ubcZF9OXbDo8ff4O8yVp5Bf0efS8uEoYo5q4Fx7dY9OgQGXgAsQA==",
					"dev": true
				},
				"has-flag": {
					"version": "4.0.0",
					"resolved": "https://registry.npmjs.org/has-flag/-/has-flag-4.0.0.tgz",
					"integrity": "sha512-EykJT/Q1KjTWctppgIAgfSO0tKVuZUjhgMr17kqTumMl6Afv3EISleU7qZUzoXDFTAHTDC4NOoG/ZxU3EvlMPQ==",
					"dev": true
				},
				"supports-color": {
					"version": "7.1.0",
					"resolved": "https://registry.npmjs.org/supports-color/-/supports-color-7.1.0.tgz",
					"integrity": "sha512-oRSIpR8pxT1Wr2FquTNnGet79b3BWljqOuoW/h4oBhxJ/HUbX5nX6JSruTkvXDCFMwDPvsaTTbvMLKZWSy0R5g==",
					"dev": true,
					"requires": {
						"has-flag": "^4.0.0"
					}
				}
			}
		},
		"jest-get-type": {
			"version": "25.2.6",
			"resolved": "https://registry.npmjs.org/jest-get-type/-/jest-get-type-25.2.6.tgz",
			"integrity": "sha512-DxjtyzOHjObRM+sM1knti6or+eOgcGU4xVSb2HNP1TqO4ahsT+rqZg+nyqHWJSvWgKC5cG3QjGFBqxLghiF/Ig==",
			"dev": true
		},
		"js-tokens": {
			"version": "4.0.0",
			"resolved": "https://registry.npmjs.org/js-tokens/-/js-tokens-4.0.0.tgz",
			"integrity": "sha512-RdJUflcE3cUzKiMqQgsCu06FPu9UdIJO0beYbPhHN4k6apgJtifcoCtT9bcxOpYBtpD2kCM6Sbzg4CausW/PKQ=="
		},
		"lodash": {
			"version": "4.17.19",
			"resolved": "https://registry.npmjs.org/lodash/-/lodash-4.17.19.tgz",
			"integrity": "sha512-JNvd8XER9GQX0v2qJgsaN/mzFCNA5BRe/j8JN9d+tWyGLSodKQHKFicdwNYzWwI3wjRnaKPsGj1XkBjx/F96DQ==",
			"dev": true
		},
		"lodash.throttle": {
			"version": "4.1.1",
			"resolved": "https://registry.npmjs.org/lodash.throttle/-/lodash.throttle-4.1.1.tgz",
			"integrity": "sha1-wj6RtxAkKscMN/HhzaknTMOb8vQ="
		},
		"loose-envify": {
			"version": "1.4.0",
			"resolved": "https://registry.npmjs.org/loose-envify/-/loose-envify-1.4.0.tgz",
			"integrity": "sha512-lyuxPGr/Wfhrlem2CL/UcnUc1zcqKAImBDzukY7Y5F/yQiNdko6+fRLevlw1HgMySw7f611UIY408EtxRSoK3Q==",
			"requires": {
				"js-tokens": "^3.0.0 || ^4.0.0"
			}
		},
		"markdown-to-jsx": {
			"version": "6.11.4",
			"resolved": "https://registry.npmjs.org/markdown-to-jsx/-/markdown-to-jsx-6.11.4.tgz",
			"integrity": "sha512-3lRCD5Sh+tfA52iGgfs/XZiw33f7fFX9Bn55aNnVNUd2GzLDkOWyKYYD8Yju2B1Vn+feiEdgJs8T6Tg0xNokPw==",
			"requires": {
				"prop-types": "^15.6.2",
				"unquote": "^1.1.0"
			}
		},
		"math-expression-evaluator": {
			"version": "1.2.22",
			"resolved": "https://registry.npmjs.org/math-expression-evaluator/-/math-expression-evaluator-1.2.22.tgz",
			"integrity": "sha512-L0j0tFVZBQQLeEjmWOvDLoRciIY8gQGWahvkztXUal8jH8R5Rlqo9GCvgqvXcy9LQhEWdQCVvzqAbxgYNt4blQ==",
			"dev": true
		},
		"object-assign": {
			"version": "4.1.1",
			"resolved": "https://registry.npmjs.org/object-assign/-/object-assign-4.1.1.tgz",
			"integrity": "sha1-IQmtx5ZYh8/AXLvUQsrIv7s2CGM="
		},
		"polished": {
			"version": "3.6.5",
			"resolved": "https://registry.npmjs.org/polished/-/polished-3.6.5.tgz",
			"integrity": "sha512-VwhC9MlhW7O5dg/z7k32dabcAFW1VI2+7fSe8cE/kXcfL7mVdoa5UxciYGW2sJU78ldDLT6+ROEKIZKFNTnUXQ==",
			"requires": {
				"@babel/runtime": "^7.9.2"
			}
		},
		"pretty-format": {
			"version": "25.5.0",
			"resolved": "https://registry.npmjs.org/pretty-format/-/pretty-format-25.5.0.tgz",
			"integrity": "sha512-kbo/kq2LQ/A/is0PQwsEHM7Ca6//bGPPvU6UnsdDRSKTWxT/ru/xb88v4BJf6a69H+uTytOEsTusT9ksd/1iWQ==",
			"dev": true,
			"requires": {
				"@jest/types": "^25.5.0",
				"ansi-regex": "^5.0.0",
				"ansi-styles": "^4.0.0",
				"react-is": "^16.12.0"
			},
			"dependencies": {
				"ansi-styles": {
					"version": "4.2.1",
					"resolved": "https://registry.npmjs.org/ansi-styles/-/ansi-styles-4.2.1.tgz",
					"integrity": "sha512-9VGjrMsG1vePxcSweQsN20KY/c4zN0h9fLjqAbwbPfahM3t+NL+M9HC8xeXG2I8pX5NoamTGNuomEUFI7fcUjA==",
					"dev": true,
					"requires": {
						"@types/color-name": "^1.1.1",
						"color-convert": "^2.0.1"
					}
				},
				"color-convert": {
					"version": "2.0.1",
					"resolved": "https://registry.npmjs.org/color-convert/-/color-convert-2.0.1.tgz",
					"integrity": "sha512-RRECPsj7iu/xb5oKYcsFHSppFNnsj/52OVTRKb4zP5onXwVF3zVmmToNcOfGC+CRDpfK/U584fMg38ZHCaElKQ==",
					"dev": true,
					"requires": {
						"color-name": "~1.1.4"
					}
				},
				"color-name": {
					"version": "1.1.4",
					"resolved": "https://registry.npmjs.org/color-name/-/color-name-1.1.4.tgz",
					"integrity": "sha512-dOy+3AuW3a2wNbZHIuMZpTcgjGuLU/uBL/ubcZF9OXbDo8ff4O8yVp5Bf0efS8uEoYo5q4Fx7dY9OgQGXgAsQA==",
					"dev": true
				}
			}
		},
		"prop-types": {
			"version": "15.7.2",
			"resolved": "https://registry.npmjs.org/prop-types/-/prop-types-15.7.2.tgz",
			"integrity": "sha512-8QQikdH7//R2vurIJSutZ1smHYTcLpRWEOlHnzcWHmBYrOGUysKwSsrC89BCiFj3CbrfJ/nXFdJepOVrY1GCHQ==",
			"requires": {
				"loose-envify": "^1.4.0",
				"object-assign": "^4.1.1",
				"react-is": "^16.8.1"
			}
		},
		"react-desc": {
			"version": "4.1.2",
			"resolved": "https://registry.npmjs.org/react-desc/-/react-desc-4.1.2.tgz",
			"integrity": "sha512-JAVe89uaLr0HZ0IKodnpTPNgNyJ/SPDQnl3VJPVwI+SpebmHvJiBNZEOwX201QmSbsVGqRY8ql/VFPlAx85WzA=="
		},
		"react-fast-compare": {
			"version": "3.2.0",
			"resolved": "https://registry.npmjs.org/react-fast-compare/-/react-fast-compare-3.2.0.tgz",
			"integrity": "sha512-rtGImPZ0YyLrscKI9xTpV8psd6I8VAtjKCzQDlzyDvqJA8XOW78TXYQwNRNd8g8JZnDu8q9Fu/1v4HPAVwVdHA=="
		},
		"react-helmet": {
			"version": "6.1.0",
			"resolved": "https://registry.npmjs.org/react-helmet/-/react-helmet-6.1.0.tgz",
			"integrity": "sha512-4uMzEY9nlDlgxr61NL3XbKRy1hEkXmKNXhjbAIOVw5vcFrsdYbH2FEwcNyWvWinl103nXgzYNlns9ca+8kFiWw==",
			"dev": true,
			"requires": {
				"object-assign": "^4.1.1",
				"prop-types": "^15.7.2",
				"react-fast-compare": "^3.1.1",
				"react-side-effect": "^2.1.0"
			}
		},
		"react-is": {
			"version": "16.13.1",
			"resolved": "https://registry.npmjs.org/react-is/-/react-is-16.13.1.tgz",
			"integrity": "sha512-24e6ynE2H+OKt4kqsOvNd8kBpV65zoxbA4BVsEOB3ARVWQki/DHzaUoC5KuON/BiccDaCCTZBuOcfZs70kR8bQ=="
		},
		"react-side-effect": {
			"version": "2.1.0",
			"resolved": "https://registry.npmjs.org/react-side-effect/-/react-side-effect-2.1.0.tgz",
			"integrity": "sha512-IgmcegOSi5SNX+2Snh1vqmF0Vg/CbkycU9XZbOHJlZ6kMzTmi3yc254oB1WCkgA7OQtIAoLmcSFuHTc/tlcqXg==",
			"dev": true
		},
		"react-test-renderer": {
			"version": "16.13.1",
			"resolved": "https://registry.npmjs.org/react-test-renderer/-/react-test-renderer-16.13.1.tgz",
			"integrity": "sha512-Sn2VRyOK2YJJldOqoh8Tn/lWQ+ZiKhyZTPtaO0Q6yNj+QDbmRkVFap6pZPy3YQk8DScRDfyqm/KxKYP9gCMRiQ==",
			"dev": true,
			"requires": {
				"object-assign": "^4.1.1",
				"prop-types": "^15.6.2",
				"react-is": "^16.8.6",
				"scheduler": "^0.19.1"
			}
		},
		"react-toastify": {
			"version": "6.0.8",
			"resolved": "https://registry.npmjs.org/react-toastify/-/react-toastify-6.0.8.tgz",
			"integrity": "sha512-NSqCNwv+C4IfR+c92PFZiNyeBwOJvigrP2bcRi2f6Hg3WqcHhEHOknbSQOs9QDFuqUjmK3SOrdvScQ3z63ifXg==",
			"dev": true,
			"requires": {
				"classnames": "^2.2.6",
				"prop-types": "^15.7.2",
				"react-transition-group": "^4.4.1"
			}
		},
		"react-transition-group": {
			"version": "4.4.1",
			"resolved": "https://registry.npmjs.org/react-transition-group/-/react-transition-group-4.4.1.tgz",
			"integrity": "sha512-Djqr7OQ2aPUiYurhPalTrVy9ddmFCCzwhqQmtN+J3+3DzLO209Fdr70QrN8Z3DsglWql6iY1lDWAfpFiBtuKGw==",
			"dev": true,
			"requires": {
				"@babel/runtime": "^7.5.5",
				"dom-helpers": "^5.0.1",
				"loose-envify": "^1.4.0",
				"prop-types": "^15.6.2"
			}
		},
		"react-use-measure": {
			"version": "2.0.1",
			"resolved": "https://registry.npmjs.org/react-use-measure/-/react-use-measure-2.0.1.tgz",
			"integrity": "sha512-lFfHiqcXbJ2/6aUkZwt8g5YYM7EGqNVxJhMqMPqv1BVXRKp8D7jYLlmma0SvhRY4WYxxkZpCdbJvhDylb5gcEA==",
			"dev": true,
			"requires": {
				"debounce": "^1.2.0"
			}
		},
		"react-virtualized-auto-sizer": {
			"version": "1.0.2",
			"resolved": "https://registry.npmjs.org/react-virtualized-auto-sizer/-/react-virtualized-auto-sizer-1.0.2.tgz",
			"integrity": "sha512-MYXhTY1BZpdJFjUovvYHVBmkq79szK/k7V3MO+36gJkWGkrXKtyr4vCPtpphaTLRAdDNoYEYFZWE8LjN+PIHNg=="
		},
		"reduce-css-calc": {
			"version": "1.3.0",
			"resolved": "https://registry.npmjs.org/reduce-css-calc/-/reduce-css-calc-1.3.0.tgz",
			"integrity": "sha1-dHyRTgSWFKTJz7umKYca0dKSdxY=",
			"dev": true,
			"requires": {
				"balanced-match": "^0.4.2",
				"math-expression-evaluator": "^1.2.14",
				"reduce-function-call": "^1.0.1"
			}
		},
		"reduce-function-call": {
			"version": "1.0.3",
			"resolved": "https://registry.npmjs.org/reduce-function-call/-/reduce-function-call-1.0.3.tgz",
			"integrity": "sha512-Hl/tuV2VDgWgCSEeWMLwxLZqX7OK59eU1guxXsRKTAyeYimivsKdtcV4fu3r710tpG5GmDKDhQ0HSZLExnNmyQ==",
			"dev": true,
			"requires": {
				"balanced-match": "^1.0.0"
			},
			"dependencies": {
				"balanced-match": {
					"version": "1.0.0",
					"resolved": "https://registry.npmjs.org/balanced-match/-/balanced-match-1.0.0.tgz",
					"integrity": "sha1-ibTRmasr7kneFk6gK4nORi1xt2c=",
					"dev": true
				}
			}
		},
		"regenerator-runtime": {
			"version": "0.13.7",
			"resolved": "https://registry.npmjs.org/regenerator-runtime/-/regenerator-runtime-0.13.7.tgz",
			"integrity": "sha512-a54FxoJDIr27pgf7IgeQGxmqUNYrcV338lf/6gH456HZ/PhX+5BcwHXG9ajESmwe6WRO0tAzRUrRmNONWgkrew=="
		},
		"resize-observer-polyfill": {
			"version": "1.5.1",
			"resolved": "https://registry.npmjs.org/resize-observer-polyfill/-/resize-observer-polyfill-1.5.1.tgz",
			"integrity": "sha512-LwZrotdHOo12nQuZlHEmtuXdqGoOD0OhaxopaNFxWzInpEgaLWoVuAMbTzixuosCx2nEG58ngzW3vxdWoxIgdg==",
			"dev": true
		},
		"scheduler": {
			"version": "0.19.1",
			"resolved": "https://registry.npmjs.org/scheduler/-/scheduler-0.19.1.tgz",
			"integrity": "sha512-n/zwRWRYSUj0/3g/otKDRPMh6qv2SYMWNq85IEa8iZyAv8od9zDYpGSnpBEjNgcMNq6Scbu5KfIPxNF72R/2EA==",
			"dev": true,
			"requires": {
				"loose-envify": "^1.1.0",
				"object-assign": "^4.1.1"
			}
		},
		"scroll-into-view-if-needed": {
			"version": "2.2.25",
			"resolved": "https://registry.npmjs.org/scroll-into-view-if-needed/-/scroll-into-view-if-needed-2.2.25.tgz",
			"integrity": "sha512-C8RKJPq9lK7eubwGpLbUkw3lklcG3Ndjmea2PyauzrA0i4DPlzAmVMGxaZrBFqCrVLfvJmP80IyHnv4jxvg1OQ==",
			"dev": true,
			"requires": {
				"compute-scroll-into-view": "^1.0.14"
			}
		},
		"slate": {
			"version": "0.58.4",
			"resolved": "https://registry.npmjs.org/slate/-/slate-0.58.4.tgz",
			"integrity": "sha512-XxKwNJgCMf7S2sDT8CVJy0zYm95MiYorJo9Hah05zKjItrw0VVeCc2BGKDZSlNGcaIfM3xcfFUN7XE+c8ehAbA==",
			"dev": true,
			"requires": {
				"@types/esrever": "^0.2.0",
				"esrever": "^0.2.0",
				"immer": "^5.0.0",
				"is-plain-object": "^3.0.0",
				"tiny-warning": "^1.0.3"
			}
		},
		"slate-history": {
			"version": "0.58.4",
			"resolved": "https://registry.npmjs.org/slate-history/-/slate-history-0.58.4.tgz",
			"integrity": "sha512-QWmVvB02R+Z+I8sC7Hb+27Zqtm1vDt9kulHjmqRk8ixPp7052S04q4WEjNsk0StrgmEOEd+POvzNGfOYELXitw==",
			"dev": true,
			"requires": {
				"immer": "^5.0.0",
				"is-plain-object": "^3.0.0"
			}
		},
		"slate-react": {
			"version": "0.58.4",
			"resolved": "https://registry.npmjs.org/slate-react/-/slate-react-0.58.4.tgz",
			"integrity": "sha512-3JXWHVPmYrR/EMcH1qtmwXZtYxxCtuokQg+r/4wD1Ab9J3zRmW4UGLoaRP9/uQrZOAOvr8mMh4IgmrxV2dQskw==",
			"dev": true,
			"requires": {
				"@types/is-hotkey": "^0.1.1",
				"@types/lodash": "^4.14.149",
				"direction": "^1.0.3",
				"is-hotkey": "^0.1.6",
				"is-plain-object": "^3.0.0",
				"lodash": "^4.17.4",
				"scroll-into-view-if-needed": "^2.2.20"
			}
		},
		"tiny-warning": {
			"version": "1.0.3",
			"resolved": "https://registry.npmjs.org/tiny-warning/-/tiny-warning-1.0.3.tgz",
			"integrity": "sha512-lBN9zLN/oAf68o3zNXYrdCt1kP8WsiGW8Oo2ka41b2IM5JL/S1CTyX1rW0mb/zSuJun0ZUrDxx4sqvYS2FWzPA==",
			"dev": true
		},
		"unquote": {
			"version": "1.1.1",
			"resolved": "https://registry.npmjs.org/unquote/-/unquote-1.1.1.tgz",
			"integrity": "sha1-j97XMk7G6IoP+LkF58CYzcCG1UQ="
		}
	}
}
