{
  "name": "@akashaproject/ui-plugin-loader",
  "version": "0.1.0",
  "lockfileVersion": 1,
  "requires": true,
  "dependencies": {
    "single-spa": {
      "version": "4.3.7",
      "resolved": "https://registry.npmjs.org/single-spa/-/single-spa-4.3.7.tgz",
      "integrity": "sha512-wfwpVIJd9HPcMa7MlbfsFrcQrTzk8G1GLxvWzDZ9lydwBpfMl97u96zCzZcgc5YnVcHOSF22Bi/paz6Ywk9mfA=="
    }
  }
}
