{
	"name": "@akashaproject/ui-plugin-legal",
	"version": "0.1.0",
	"lockfileVersion": 1,
	"requires": true,
	"dependencies": {
		"@babel/runtime": {
			"version": "7.14.6",
			"resolved": "https://registry.npmjs.org/@babel/runtime/-/runtime-7.14.6.tgz",
			"integrity": "sha512-/PCB2uJ7oM44tz8YhC4Z/6PeOKXp4K588f+5M3clr1M4zbqztlo0XEfJ2LEzj/FgwfgGcIdl8n7YYjTCI0BYwg==",
			"requires": {
				"regenerator-runtime": "^0.13.4"
			}
		},
		"@types/history": {
			"version": "4.7.9",
			"resolved": "https://registry.npmjs.org/@types/history/-/history-4.7.9.tgz",
			"integrity": "sha512-MUc6zSmU3tEVnkQ78q0peeEjKWPUADMlC/t++2bI8WnAG2tvYRPIgHG8lWkXwqc8MsUF6Z2MOf+Mh5sazOmhiQ=="
		},
		"@types/prop-types": {
			"version": "15.7.4",
			"resolved": "https://registry.npmjs.org/@types/prop-types/-/prop-types-15.7.4.tgz",
			"integrity": "sha512-rZ5drC/jWjrArrS8BR6SIr4cWpW09RNTYt9AMZo3Jwwif+iacXAqgVjm0B0Bv/S1jhDXKHqRVNCbACkJ89RAnQ=="
		},
		"@types/react": {
			"version": "17.0.19",
			"resolved": "https://registry.npmjs.org/@types/react/-/react-17.0.19.tgz",
			"integrity": "sha512-sX1HisdB1/ZESixMTGnMxH9TDe8Sk709734fEQZzCV/4lSu9kJCPbo2PbTRoZM+53Pp0P10hYVyReUueGwUi4A==",
			"requires": {
				"@types/prop-types": "*",
				"@types/scheduler": "*",
				"csstype": "^3.0.2"
			}
		},
		"@types/react-dom": {
			"version": "17.0.9",
			"resolved": "https://registry.npmjs.org/@types/react-dom/-/react-dom-17.0.9.tgz",
			"integrity": "sha512-wIvGxLfgpVDSAMH5utdL9Ngm5Owu0VsGmldro3ORLXV8CShrL8awVj06NuEXFQ5xyaYfdca7Sgbk/50Ri1GdPg==",
			"dev": true,
			"requires": {
				"@types/react": "*"
			}
		},
		"@types/react-router": {
			"version": "5.1.16",
			"resolved": "https://registry.npmjs.org/@types/react-router/-/react-router-5.1.16.tgz",
			"integrity": "sha512-8d7nR/fNSqlTFGHti0R3F9WwIertOaaA1UEB8/jr5l5mDMOs4CidEgvvYMw4ivqrBK+vtVLxyTj2P+Pr/dtgzg==",
			"requires": {
				"@types/history": "*",
				"@types/react": "*"
			}
		},
		"@types/react-router-dom": {
			"version": "5.1.8",
			"resolved": "https://registry.npmjs.org/@types/react-router-dom/-/react-router-dom-5.1.8.tgz",
			"integrity": "sha512-03xHyncBzG0PmDmf8pf3rehtjY0NpUj7TIN46FrT5n1ZWHPZvXz32gUyNboJ+xsL8cpg8bQVLcllptcQHvocrw==",
			"requires": {
				"@types/history": "*",
				"@types/react": "*",
				"@types/react-router": "*"
			}
		},
		"@types/react-test-renderer": {
			"version": "17.0.1",
			"resolved": "https://registry.npmjs.org/@types/react-test-renderer/-/react-test-renderer-17.0.1.tgz",
			"integrity": "sha512-3Fi2O6Zzq/f3QR9dRnlnHso9bMl7weKCviFmfF6B4LS1Uat6Hkm15k0ZAQuDz+UBq6B3+g+NM6IT2nr5QgPzCw==",
			"dev": true,
			"requires": {
				"@types/react": "*"
			}
		},
		"@types/scheduler": {
			"version": "0.16.2",
			"resolved": "https://registry.npmjs.org/@types/scheduler/-/scheduler-0.16.2.tgz",
			"integrity": "sha512-hppQEBDmlwhFAXKJX2KnWLYu5yMfi91yazPb2l+lbJiwW+wdo1gNeRA+3RgNSO39WYX2euey41KEwnqesU2Jew=="
		},
		"csstype": {
			"version": "3.0.8",
			"resolved": "https://registry.npmjs.org/csstype/-/csstype-3.0.8.tgz",
			"integrity": "sha512-jXKhWqXPmlUeoQnF/EhTtTl4C9SnrxSH/jZUih3jmO6lBKr99rP3/+FmrMj4EFpOXzMtXHAZkd3x0E6h6Fgflw=="
		},
		"history": {
			"version": "4.10.1",
			"resolved": "https://registry.npmjs.org/history/-/history-4.10.1.tgz",
			"integrity": "sha512-36nwAD620w12kuzPAsyINPWJqlNbij+hpK1k9XRloDtym8mxzGYl2c17LnV6IAGB2Dmg4tEa7G7DlawS0+qjew==",
			"requires": {
				"@babel/runtime": "^7.1.2",
				"loose-envify": "^1.2.0",
				"resolve-pathname": "^3.0.0",
				"tiny-invariant": "^1.0.2",
				"tiny-warning": "^1.0.0",
				"value-equal": "^1.0.1"
			}
		},
		"hoist-non-react-statics": {
			"version": "3.3.2",
			"resolved": "https://registry.npmjs.org/hoist-non-react-statics/-/hoist-non-react-statics-3.3.2.tgz",
			"integrity": "sha512-/gGivxi8JPKWNm/W0jSmzcMPpfpPLc3dY/6GxhX2hQ9iGj3aDfklV4ET7NjKpSinLpJ5vafa9iiGIEZg10SfBw==",
			"requires": {
				"react-is": "^16.7.0"
			}
		},
		"html-parse-stringify": {
			"version": "3.0.1",
			"resolved": "https://registry.npmjs.org/html-parse-stringify/-/html-parse-stringify-3.0.1.tgz",
			"integrity": "sha512-KknJ50kTInJ7qIScF3jeaFRpMpE8/lfiTdzf/twXyPBLAGrLRTmkz3AdTnKeh40X8k9L2fdYwEp/42WGXIRGcg==",
			"requires": {
				"void-elements": "3.1.0"
			}
		},
		"i18next": {
			"version": "20.4.0",
			"resolved": "https://registry.npmjs.org/i18next/-/i18next-20.4.0.tgz",
			"integrity": "sha512-89iWWJudmaHJwzIdJ/1eu98GtsJnwBhOUWwlAre70itPMuTE/NTPtgVeaS1CGaB8Q3XrYBGpEqlq4jsScDx9kg==",
			"requires": {
				"@babel/runtime": "^7.12.0"
			}
		},
		"i18next-browser-languagedetector": {
			"version": "6.1.2",
			"resolved": "https://registry.npmjs.org/i18next-browser-languagedetector/-/i18next-browser-languagedetector-6.1.2.tgz",
			"integrity": "sha512-YDzIGHhMRvr7M+c8B3EQUKyiMBhfqox4o1qkFvt4QXuu5V2cxf74+NCr+VEkUuU0y+RwcupA238eeolW1Yn80g==",
			"requires": {
				"@babel/runtime": "^7.14.6"
			}
		},
		"i18next-chained-backend": {
			"version": "3.0.2",
			"resolved": "https://registry.npmjs.org/i18next-chained-backend/-/i18next-chained-backend-3.0.2.tgz",
			"integrity": "sha512-0dd/7oVtPHJnCDMuDvjzlXmWxwfbLOGBFXd1+cgcZ54QlMwv6/ofQ9xhrBIhCFjNh97WQ5pytEeTdcAGwLQ/QA==",
			"requires": {
				"@babel/runtime": "^7.14.0"
			}
		},
		"i18next-fetch-backend": {
			"version": "3.0.0",
			"resolved": "https://registry.npmjs.org/i18next-fetch-backend/-/i18next-fetch-backend-3.0.0.tgz",
			"integrity": "sha512-UiK9dI81qzEtnhgpKcRPAo67ChYaUaIi1kfRfN+vuFEoP3SPttuIY1RJAnVh7qaYzS573cZtG/7KE+qq5Dn1YQ=="
		},
		"i18next-localstorage-backend": {
			"version": "3.1.3",
			"resolved": "https://registry.npmjs.org/i18next-localstorage-backend/-/i18next-localstorage-backend-3.1.3.tgz",
			"integrity": "sha512-tx8dxQTEsTnRC654IrXPFr94c3NH7bIVHGKHnGvbgefpLz13/uFT5ITsmhqhg/gOza0TIj8e5jTsGnQytIhh+A==",
			"requires": {
				"@babel/runtime": "^7.14.6"
			}
		},
		"isarray": {
			"version": "0.0.1",
			"resolved": "https://registry.npmjs.org/isarray/-/isarray-0.0.1.tgz",
			"integrity": "sha1-ihis/Kmo9Bd+Cav8YDiTmwXR7t8="
		},
		"js-tokens": {
			"version": "4.0.0",
			"resolved": "https://registry.npmjs.org/js-tokens/-/js-tokens-4.0.0.tgz",
			"integrity": "sha512-RdJUflcE3cUzKiMqQgsCu06FPu9UdIJO0beYbPhHN4k6apgJtifcoCtT9bcxOpYBtpD2kCM6Sbzg4CausW/PKQ=="
		},
		"loose-envify": {
			"version": "1.4.0",
			"resolved": "https://registry.npmjs.org/loose-envify/-/loose-envify-1.4.0.tgz",
			"integrity": "sha512-lyuxPGr/Wfhrlem2CL/UcnUc1zcqKAImBDzukY7Y5F/yQiNdko6+fRLevlw1HgMySw7f611UIY408EtxRSoK3Q==",
			"requires": {
				"js-tokens": "^3.0.0 || ^4.0.0"
			}
		},
		"mini-create-react-context": {
			"version": "0.4.1",
			"resolved": "https://registry.npmjs.org/mini-create-react-context/-/mini-create-react-context-0.4.1.tgz",
			"integrity": "sha512-YWCYEmd5CQeHGSAKrYvXgmzzkrvssZcuuQDDeqkT+PziKGMgE+0MCCtcKbROzocGBG1meBLl2FotlRwf4gAzbQ==",
			"requires": {
				"@babel/runtime": "^7.12.1",
				"tiny-warning": "^1.0.3"
			}
		},
		"object-assign": {
			"version": "4.1.1",
			"resolved": "https://registry.npmjs.org/object-assign/-/object-assign-4.1.1.tgz",
			"integrity": "sha1-IQmtx5ZYh8/AXLvUQsrIv7s2CGM="
		},
		"path-to-regexp": {
			"version": "1.8.0",
			"resolved": "https://registry.npmjs.org/path-to-regexp/-/path-to-regexp-1.8.0.tgz",
			"integrity": "sha512-n43JRhlUKUAlibEJhPeir1ncUID16QnEjNpwzNdO3Lm4ywrBpBZ5oLD0I6br9evr1Y9JTqwRtAh7JLoOzAQdVA==",
			"requires": {
				"isarray": "0.0.1"
			}
		},
		"prop-types": {
			"version": "15.7.2",
			"resolved": "https://registry.npmjs.org/prop-types/-/prop-types-15.7.2.tgz",
			"integrity": "sha512-8QQikdH7//R2vurIJSutZ1smHYTcLpRWEOlHnzcWHmBYrOGUysKwSsrC89BCiFj3CbrfJ/nXFdJepOVrY1GCHQ==",
			"requires": {
				"loose-envify": "^1.4.0",
				"object-assign": "^4.1.1",
				"react-is": "^16.8.1"
			}
		},
		"react-i18next": {
			"version": "11.11.4",
			"resolved": "https://registry.npmjs.org/react-i18next/-/react-i18next-11.11.4.tgz",
			"integrity": "sha512-ayWFlu8Sc7GAxW1PzMaPtzq+yiozWMxs0P1WeITNVzXAVRhC0Httkzw/IiODBta6seJRBCLrtUeFUSXhAIxlRg==",
			"requires": {
				"@babel/runtime": "^7.14.5",
				"html-parse-stringify": "^3.0.1"
			}
		},
		"react-is": {
			"version": "16.13.1",
			"resolved": "https://registry.npmjs.org/react-is/-/react-is-16.13.1.tgz",
			"integrity": "sha512-24e6ynE2H+OKt4kqsOvNd8kBpV65zoxbA4BVsEOB3ARVWQki/DHzaUoC5KuON/BiccDaCCTZBuOcfZs70kR8bQ=="
		},
		"react-router": {
			"version": "5.2.0",
			"resolved": "https://registry.npmjs.org/react-router/-/react-router-5.2.0.tgz",
			"integrity": "sha512-smz1DUuFHRKdcJC0jobGo8cVbhO3x50tCL4icacOlcwDOEQPq4TMqwx3sY1TP+DvtTgz4nm3thuo7A+BK2U0Dw==",
			"requires": {
				"@babel/runtime": "^7.1.2",
				"history": "^4.9.0",
				"hoist-non-react-statics": "^3.1.0",
				"loose-envify": "^1.3.1",
				"mini-create-react-context": "^0.4.0",
				"path-to-regexp": "^1.7.0",
				"prop-types": "^15.6.2",
				"react-is": "^16.6.0",
				"tiny-invariant": "^1.0.2",
				"tiny-warning": "^1.0.0"
			}
		},
		"react-router-dom": {
			"version": "5.2.0",
			"resolved": "https://registry.npmjs.org/react-router-dom/-/react-router-dom-5.2.0.tgz",
			"integrity": "sha512-gxAmfylo2QUjcwxI63RhQ5G85Qqt4voZpUXSEqCwykV0baaOTQDR1f0PmY8AELqIyVc0NEZUj0Gov5lNGcXgsA==",
			"requires": {
				"@babel/runtime": "^7.1.2",
				"history": "^4.9.0",
				"loose-envify": "^1.3.1",
				"prop-types": "^15.6.2",
				"react-router": "5.2.0",
				"tiny-invariant": "^1.0.2",
				"tiny-warning": "^1.0.0"
			}
		},
		"regenerator-runtime": {
			"version": "0.13.7",
			"resolved": "https://registry.npmjs.org/regenerator-runtime/-/regenerator-runtime-0.13.7.tgz",
			"integrity": "sha512-a54FxoJDIr27pgf7IgeQGxmqUNYrcV338lf/6gH456HZ/PhX+5BcwHXG9ajESmwe6WRO0tAzRUrRmNONWgkrew=="
		},
		"resolve-pathname": {
			"version": "3.0.0",
			"resolved": "https://registry.npmjs.org/resolve-pathname/-/resolve-pathname-3.0.0.tgz",
			"integrity": "sha512-C7rARubxI8bXFNB/hqcp/4iUeIXJhJZvFPFPiSPRnhU5UPxzMFIl+2E6yY6c4k9giDJAhtV+enfA+G89N6Csng=="
		},
		"single-spa-react": {
			"version": "4.3.1",
			"resolved": "https://registry.npmjs.org/single-spa-react/-/single-spa-react-4.3.1.tgz",
			"integrity": "sha512-RD93IpUfjuHnSiPSb3zPIUYkUuDAmxj3L1fkGjVzmSCRhEcc7oZBEe68k32oN36IqyOyQPJrCiPUOMAx6aC26g=="
		},
		"tiny-invariant": {
			"version": "1.1.0",
			"resolved": "https://registry.npmjs.org/tiny-invariant/-/tiny-invariant-1.1.0.tgz",
			"integrity": "sha512-ytxQvrb1cPc9WBEI/HSeYYoGD0kWnGEOR8RY6KomWLBVhqz0RgTwVO9dLrGz7dC+nN9llyI7OKAgRq8Vq4ZBSw=="
		},
		"tiny-warning": {
			"version": "1.0.3",
			"resolved": "https://registry.npmjs.org/tiny-warning/-/tiny-warning-1.0.3.tgz",
			"integrity": "sha512-lBN9zLN/oAf68o3zNXYrdCt1kP8WsiGW8Oo2ka41b2IM5JL/S1CTyX1rW0mb/zSuJun0ZUrDxx4sqvYS2FWzPA=="
		},
		"value-equal": {
			"version": "1.0.1",
			"resolved": "https://registry.npmjs.org/value-equal/-/value-equal-1.0.1.tgz",
			"integrity": "sha512-NOJ6JZCAWr0zlxZt+xqCHNTEKOsrks2HQd4MqhP1qy4z1SkbEP467eNx6TgDKXMvUOb+OENfJCZwM+16n7fRfw=="
		},
		"void-elements": {
			"version": "3.1.0",
			"resolved": "https://registry.npmjs.org/void-elements/-/void-elements-3.1.0.tgz",
			"integrity": "sha1-YU9/v42AHwu18GYfWy9XhXUOTwk="
		}
	}
}
